// !$*UTF8*$!
{
	archiveVersion = 1;
	classes = {
	};
	objectVersion = 46;
	objects = {

/* Begin PBXAggregateTarget section */
		744ABB0B183FE7AE009A6366 /* Mogenerator */ = {
			isa = PBXAggregateTarget;
			buildConfigurationList = 744ABB0C183FE7AE009A6366 /* Build configuration list for PBXAggregateTarget "Mogenerator" */;
			buildPhases = (
				744ABB11183FE7E0009A6366 /* ShellScript */,
			);
			dependencies = (
			);
			name = Mogenerator;
			productName = Mogenerator;
		};
/* End PBXAggregateTarget section */

/* Begin PBXBuildFile section */
		741F019D183FF9AF00FF9FE8 /* CoreData.framework in Frameworks */ = {isa = PBXBuildFile; fileRef = 741F019C183FF9AF00FF9FE8 /* CoreData.framework */; };
		741F01C5184290B400FF9FE8 /* RNCeiling.m in Sources */ = {isa = PBXBuildFile; fileRef = 741F01A1184290B400FF9FE8 /* RNCeiling.m */; };
		741F01C6184290B400FF9FE8 /* RNDoor.m in Sources */ = {isa = PBXBuildFile; fileRef = 741F01A3184290B400FF9FE8 /* RNDoor.m */; };
		741F01C7184290B400FF9FE8 /* RNGround.m in Sources */ = {isa = PBXBuildFile; fileRef = 741F01A5184290B400FF9FE8 /* RNGround.m */; };
		741F01C8184290B400FF9FE8 /* RNProject.m in Sources */ = {isa = PBXBuildFile; fileRef = 741F01A7184290B400FF9FE8 /* RNProject.m */; };
		741F01C9184290B400FF9FE8 /* RNRadiator.m in Sources */ = {isa = PBXBuildFile; fileRef = 741F01A9184290B400FF9FE8 /* RNRadiator.m */; };
		741F01CA184290B400FF9FE8 /* RNRoom.m in Sources */ = {isa = PBXBuildFile; fileRef = 741F01AB184290B400FF9FE8 /* RNRoom.m */; };
		741F01CB184290B400FF9FE8 /* RNSurface.m in Sources */ = {isa = PBXBuildFile; fileRef = 741F01AD184290B400FF9FE8 /* RNSurface.m */; };
		741F01CC184290B400FF9FE8 /* RNWall.m in Sources */ = {isa = PBXBuildFile; fileRef = 741F01AF184290B400FF9FE8 /* RNWall.m */; };
		741F01CD184290B400FF9FE8 /* RNWindow.m in Sources */ = {isa = PBXBuildFile; fileRef = 741F01B1184290B400FF9FE8 /* RNWindow.m */; };
		741F01CE184290B400FF9FE8 /* _RNCeiling.m in Sources */ = {isa = PBXBuildFile; fileRef = 741F01B4184290B400FF9FE8 /* _RNCeiling.m */; };
		741F01CF184290B400FF9FE8 /* _RNDoor.m in Sources */ = {isa = PBXBuildFile; fileRef = 741F01B6184290B400FF9FE8 /* _RNDoor.m */; };
		741F01D0184290B400FF9FE8 /* _RNGround.m in Sources */ = {isa = PBXBuildFile; fileRef = 741F01B8184290B400FF9FE8 /* _RNGround.m */; };
		741F01D1184290B400FF9FE8 /* _RNProject.m in Sources */ = {isa = PBXBuildFile; fileRef = 741F01BA184290B400FF9FE8 /* _RNProject.m */; };
		741F01D2184290B400FF9FE8 /* _RNRadiator.m in Sources */ = {isa = PBXBuildFile; fileRef = 741F01BC184290B400FF9FE8 /* _RNRadiator.m */; };
		741F01D3184290B400FF9FE8 /* _RNRoom.m in Sources */ = {isa = PBXBuildFile; fileRef = 741F01BE184290B400FF9FE8 /* _RNRoom.m */; };
		741F01D4184290B400FF9FE8 /* _RNSurface.m in Sources */ = {isa = PBXBuildFile; fileRef = 741F01C0184290B400FF9FE8 /* _RNSurface.m */; };
		741F01D5184290B400FF9FE8 /* _RNWall.m in Sources */ = {isa = PBXBuildFile; fileRef = 741F01C2184290B400FF9FE8 /* _RNWall.m */; };
		741F01D6184290B400FF9FE8 /* _RNWindow.m in Sources */ = {isa = PBXBuildFile; fileRef = 741F01C4184290B400FF9FE8 /* _RNWindow.m */; };
		741F01DF18433B6900FF9FE8 /* RNCreateProjectViewController.m in Sources */ = {isa = PBXBuildFile; fileRef = 741F01DE18433B6900FF9FE8 /* RNCreateProjectViewController.m */; };
		744ABABC183FDF32009A6366 /* Foundation.framework in Frameworks */ = {isa = PBXBuildFile; fileRef = 744ABABB183FDF32009A6366 /* Foundation.framework */; };
		744ABABE183FDF32009A6366 /* CoreGraphics.framework in Frameworks */ = {isa = PBXBuildFile; fileRef = 744ABABD183FDF32009A6366 /* CoreGraphics.framework */; };
		744ABAC0183FDF32009A6366 /* UIKit.framework in Frameworks */ = {isa = PBXBuildFile; fileRef = 744ABABF183FDF32009A6366 /* UIKit.framework */; };
		744ABAC6183FDF32009A6366 /* InfoPlist.strings in Resources */ = {isa = PBXBuildFile; fileRef = 744ABAC4183FDF32009A6366 /* InfoPlist.strings */; };
		744ABAC8183FDF32009A6366 /* main.m in Sources */ = {isa = PBXBuildFile; fileRef = 744ABAC7183FDF32009A6366 /* main.m */; };
		744ABACC183FDF32009A6366 /* RNAppDelegate.m in Sources */ = {isa = PBXBuildFile; fileRef = 744ABACB183FDF32009A6366 /* RNAppDelegate.m */; };
		744ABACF183FDF32009A6366 /* Main.storyboard in Resources */ = {isa = PBXBuildFile; fileRef = 744ABACD183FDF32009A6366 /* Main.storyboard */; };
		744ABAD2183FDF32009A6366 /* RNViewController.m in Sources */ = {isa = PBXBuildFile; fileRef = 744ABAD1183FDF32009A6366 /* RNViewController.m */; };
		744ABAD4183FDF32009A6366 /* Images.xcassets in Resources */ = {isa = PBXBuildFile; fileRef = 744ABAD3183FDF32009A6366 /* Images.xcassets */; };
		744ABADB183FDF32009A6366 /* XCTest.framework in Frameworks */ = {isa = PBXBuildFile; fileRef = 744ABADA183FDF32009A6366 /* XCTest.framework */; };
		744ABADC183FDF32009A6366 /* Foundation.framework in Frameworks */ = {isa = PBXBuildFile; fileRef = 744ABABB183FDF32009A6366 /* Foundation.framework */; };
		744ABADD183FDF32009A6366 /* UIKit.framework in Frameworks */ = {isa = PBXBuildFile; fileRef = 744ABABF183FDF32009A6366 /* UIKit.framework */; };
		744ABAE5183FDF32009A6366 /* InfoPlist.strings in Resources */ = {isa = PBXBuildFile; fileRef = 744ABAE3183FDF32009A6366 /* InfoPlist.strings */; };
		744ABAE7183FDF32009A6366 /* RayNovTests.m in Sources */ = {isa = PBXBuildFile; fileRef = 744ABAE6183FDF32009A6366 /* RayNovTests.m */; };
		744ABB0A183FE264009A6366 /* ProjectModel.xcdatamodeld in Sources */ = {isa = PBXBuildFile; fileRef = 744ABB08183FE264009A6366 /* ProjectModel.xcdatamodeld */; };
/* End PBXBuildFile section */

/* Begin PBXContainerItemProxy section */
		744ABADE183FDF32009A6366 /* PBXContainerItemProxy */ = {
			isa = PBXContainerItemProxy;
			containerPortal = 744ABAB0183FDF32009A6366 /* Project object */;
			proxyType = 1;
			remoteGlobalIDString = 744ABAB7183FDF32009A6366;
			remoteInfo = RayNov;
		};
		744ABB0F183FE7C8009A6366 /* PBXContainerItemProxy */ = {
			isa = PBXContainerItemProxy;
			containerPortal = 744ABAB0183FDF32009A6366 /* Project object */;
			proxyType = 1;
			remoteGlobalIDString = 744ABB0B183FE7AE009A6366;
			remoteInfo = Mogenerator;
		};
/* End PBXContainerItemProxy section */

/* Begin PBXFileReference section */
		741F019C183FF9AF00FF9FE8 /* CoreData.framework */ = {isa = PBXFileReference; lastKnownFileType = wrapper.framework; name = CoreData.framework; path = System/Library/Frameworks/CoreData.framework; sourceTree = SDKROOT; };
		741F01A0184290B400FF9FE8 /* RNCeiling.h */ = {isa = PBXFileReference; fileEncoding = 4; lastKnownFileType = sourcecode.c.h; path = RNCeiling.h; sourceTree = "<group>"; };
		741F01A1184290B400FF9FE8 /* RNCeiling.m */ = {isa = PBXFileReference; fileEncoding = 4; lastKnownFileType = sourcecode.c.objc; path = RNCeiling.m; sourceTree = "<group>"; };
		741F01A2184290B400FF9FE8 /* RNDoor.h */ = {isa = PBXFileReference; fileEncoding = 4; lastKnownFileType = sourcecode.c.h; path = RNDoor.h; sourceTree = "<group>"; };
		741F01A3184290B400FF9FE8 /* RNDoor.m */ = {isa = PBXFileReference; fileEncoding = 4; lastKnownFileType = sourcecode.c.objc; path = RNDoor.m; sourceTree = "<group>"; };
		741F01A4184290B400FF9FE8 /* RNGround.h */ = {isa = PBXFileReference; fileEncoding = 4; lastKnownFileType = sourcecode.c.h; path = RNGround.h; sourceTree = "<group>"; };
		741F01A5184290B400FF9FE8 /* RNGround.m */ = {isa = PBXFileReference; fileEncoding = 4; lastKnownFileType = sourcecode.c.objc; path = RNGround.m; sourceTree = "<group>"; };
		741F01A6184290B400FF9FE8 /* RNProject.h */ = {isa = PBXFileReference; fileEncoding = 4; lastKnownFileType = sourcecode.c.h; path = RNProject.h; sourceTree = "<group>"; };
		741F01A7184290B400FF9FE8 /* RNProject.m */ = {isa = PBXFileReference; fileEncoding = 4; lastKnownFileType = sourcecode.c.objc; path = RNProject.m; sourceTree = "<group>"; };
		741F01A8184290B400FF9FE8 /* RNRadiator.h */ = {isa = PBXFileReference; fileEncoding = 4; lastKnownFileType = sourcecode.c.h; path = RNRadiator.h; sourceTree = "<group>"; };
		741F01A9184290B400FF9FE8 /* RNRadiator.m */ = {isa = PBXFileReference; fileEncoding = 4; lastKnownFileType = sourcecode.c.objc; path = RNRadiator.m; sourceTree = "<group>"; };
		741F01AA184290B400FF9FE8 /* RNRoom.h */ = {isa = PBXFileReference; fileEncoding = 4; lastKnownFileType = sourcecode.c.h; path = RNRoom.h; sourceTree = "<group>"; };
		741F01AB184290B400FF9FE8 /* RNRoom.m */ = {isa = PBXFileReference; fileEncoding = 4; lastKnownFileType = sourcecode.c.objc; path = RNRoom.m; sourceTree = "<group>"; };
		741F01AC184290B400FF9FE8 /* RNSurface.h */ = {isa = PBXFileReference; fileEncoding = 4; lastKnownFileType = sourcecode.c.h; path = RNSurface.h; sourceTree = "<group>"; };
		741F01AD184290B400FF9FE8 /* RNSurface.m */ = {isa = PBXFileReference; fileEncoding = 4; lastKnownFileType = sourcecode.c.objc; path = RNSurface.m; sourceTree = "<group>"; };
		741F01AE184290B400FF9FE8 /* RNWall.h */ = {isa = PBXFileReference; fileEncoding = 4; lastKnownFileType = sourcecode.c.h; path = RNWall.h; sourceTree = "<group>"; };
		741F01AF184290B400FF9FE8 /* RNWall.m */ = {isa = PBXFileReference; fileEncoding = 4; lastKnownFileType = sourcecode.c.objc; path = RNWall.m; sourceTree = "<group>"; };
		741F01B0184290B400FF9FE8 /* RNWindow.h */ = {isa = PBXFileReference; fileEncoding = 4; lastKnownFileType = sourcecode.c.h; path = RNWindow.h; sourceTree = "<group>"; };
		741F01B1184290B400FF9FE8 /* RNWindow.m */ = {isa = PBXFileReference; fileEncoding = 4; lastKnownFileType = sourcecode.c.objc; path = RNWindow.m; sourceTree = "<group>"; };
		741F01B3184290B400FF9FE8 /* _RNCeiling.h */ = {isa = PBXFileReference; fileEncoding = 4; lastKnownFileType = sourcecode.c.h; path = _RNCeiling.h; sourceTree = "<group>"; };
		741F01B4184290B400FF9FE8 /* _RNCeiling.m */ = {isa = PBXFileReference; fileEncoding = 4; lastKnownFileType = sourcecode.c.objc; path = _RNCeiling.m; sourceTree = "<group>"; };
		741F01B5184290B400FF9FE8 /* _RNDoor.h */ = {isa = PBXFileReference; fileEncoding = 4; lastKnownFileType = sourcecode.c.h; path = _RNDoor.h; sourceTree = "<group>"; };
		741F01B6184290B400FF9FE8 /* _RNDoor.m */ = {isa = PBXFileReference; fileEncoding = 4; lastKnownFileType = sourcecode.c.objc; path = _RNDoor.m; sourceTree = "<group>"; };
		741F01B7184290B400FF9FE8 /* _RNGround.h */ = {isa = PBXFileReference; fileEncoding = 4; lastKnownFileType = sourcecode.c.h; path = _RNGround.h; sourceTree = "<group>"; };
		741F01B8184290B400FF9FE8 /* _RNGround.m */ = {isa = PBXFileReference; fileEncoding = 4; lastKnownFileType = sourcecode.c.objc; path = _RNGround.m; sourceTree = "<group>"; };
		741F01B9184290B400FF9FE8 /* _RNProject.h */ = {isa = PBXFileReference; fileEncoding = 4; lastKnownFileType = sourcecode.c.h; path = _RNProject.h; sourceTree = "<group>"; };
		741F01BA184290B400FF9FE8 /* _RNProject.m */ = {isa = PBXFileReference; fileEncoding = 4; lastKnownFileType = sourcecode.c.objc; path = _RNProject.m; sourceTree = "<group>"; };
		741F01BB184290B400FF9FE8 /* _RNRadiator.h */ = {isa = PBXFileReference; fileEncoding = 4; lastKnownFileType = sourcecode.c.h; path = _RNRadiator.h; sourceTree = "<group>"; };
		741F01BC184290B400FF9FE8 /* _RNRadiator.m */ = {isa = PBXFileReference; fileEncoding = 4; lastKnownFileType = sourcecode.c.objc; path = _RNRadiator.m; sourceTree = "<group>"; };
		741F01BD184290B400FF9FE8 /* _RNRoom.h */ = {isa = PBXFileReference; fileEncoding = 4; lastKnownFileType = sourcecode.c.h; path = _RNRoom.h; sourceTree = "<group>"; };
		741F01BE184290B400FF9FE8 /* _RNRoom.m */ = {isa = PBXFileReference; fileEncoding = 4; lastKnownFileType = sourcecode.c.objc; path = _RNRoom.m; sourceTree = "<group>"; };
		741F01BF184290B400FF9FE8 /* _RNSurface.h */ = {isa = PBXFileReference; fileEncoding = 4; lastKnownFileType = sourcecode.c.h; path = _RNSurface.h; sourceTree = "<group>"; };
		741F01C0184290B400FF9FE8 /* _RNSurface.m */ = {isa = PBXFileReference; fileEncoding = 4; lastKnownFileType = sourcecode.c.objc; path = _RNSurface.m; sourceTree = "<group>"; };
		741F01C1184290B400FF9FE8 /* _RNWall.h */ = {isa = PBXFileReference; fileEncoding = 4; lastKnownFileType = sourcecode.c.h; path = _RNWall.h; sourceTree = "<group>"; };
		741F01C2184290B400FF9FE8 /* _RNWall.m */ = {isa = PBXFileReference; fileEncoding = 4; lastKnownFileType = sourcecode.c.objc; path = _RNWall.m; sourceTree = "<group>"; };
		741F01C3184290B400FF9FE8 /* _RNWindow.h */ = {isa = PBXFileReference; fileEncoding = 4; lastKnownFileType = sourcecode.c.h; path = _RNWindow.h; sourceTree = "<group>"; };
		741F01C4184290B400FF9FE8 /* _RNWindow.m */ = {isa = PBXFileReference; fileEncoding = 4; lastKnownFileType = sourcecode.c.objc; path = _RNWindow.m; sourceTree = "<group>"; };
		741F01DD18433B6900FF9FE8 /* RNCreateProjectViewController.h */ = {isa = PBXFileReference; fileEncoding = 4; lastKnownFileType = sourcecode.c.h; name = RNCreateProjectViewController.h; path = RayNov/RNCreateProjectViewController.h; sourceTree = SOURCE_ROOT; };
		741F01DE18433B6900FF9FE8 /* RNCreateProjectViewController.m */ = {isa = PBXFileReference; fileEncoding = 4; lastKnownFileType = sourcecode.c.objc; name = RNCreateProjectViewController.m; path = RayNov/RNCreateProjectViewController.m; sourceTree = SOURCE_ROOT; };
		744ABAB8183FDF32009A6366 /* RayNov.app */ = {isa = PBXFileReference; explicitFileType = wrapper.application; includeInIndex = 0; path = RayNov.app; sourceTree = BUILT_PRODUCTS_DIR; };
		744ABABB183FDF32009A6366 /* Foundation.framework */ = {isa = PBXFileReference; lastKnownFileType = wrapper.framework; name = Foundation.framework; path = System/Library/Frameworks/Foundation.framework; sourceTree = SDKROOT; };
		744ABABD183FDF32009A6366 /* CoreGraphics.framework */ = {isa = PBXFileReference; lastKnownFileType = wrapper.framework; name = CoreGraphics.framework; path = System/Library/Frameworks/CoreGraphics.framework; sourceTree = SDKROOT; };
		744ABABF183FDF32009A6366 /* UIKit.framework */ = {isa = PBXFileReference; lastKnownFileType = wrapper.framework; name = UIKit.framework; path = System/Library/Frameworks/UIKit.framework; sourceTree = SDKROOT; };
		744ABAC3183FDF32009A6366 /* RayNov-Info.plist */ = {isa = PBXFileReference; lastKnownFileType = text.plist.xml; path = "RayNov-Info.plist"; sourceTree = "<group>"; };
		744ABAC5183FDF32009A6366 /* en */ = {isa = PBXFileReference; lastKnownFileType = text.plist.strings; name = en; path = en.lproj/InfoPlist.strings; sourceTree = "<group>"; };
		744ABAC7183FDF32009A6366 /* main.m */ = {isa = PBXFileReference; lastKnownFileType = sourcecode.c.objc; path = main.m; sourceTree = "<group>"; };
		744ABAC9183FDF32009A6366 /* RayNov-Prefix.pch */ = {isa = PBXFileReference; lastKnownFileType = sourcecode.c.h; path = "RayNov-Prefix.pch"; sourceTree = "<group>"; };
		744ABACA183FDF32009A6366 /* RNAppDelegate.h */ = {isa = PBXFileReference; lastKnownFileType = sourcecode.c.h; path = RNAppDelegate.h; sourceTree = "<group>"; };
		744ABACB183FDF32009A6366 /* RNAppDelegate.m */ = {isa = PBXFileReference; lastKnownFileType = sourcecode.c.objc; path = RNAppDelegate.m; sourceTree = "<group>"; };
		744ABACE183FDF32009A6366 /* Base */ = {isa = PBXFileReference; lastKnownFileType = file.storyboard; name = Base; path = Base.lproj/Main.storyboard; sourceTree = "<group>"; };
		744ABAD0183FDF32009A6366 /* RNViewController.h */ = {isa = PBXFileReference; lastKnownFileType = sourcecode.c.h; path = RNViewController.h; sourceTree = "<group>"; };
		744ABAD1183FDF32009A6366 /* RNViewController.m */ = {isa = PBXFileReference; lastKnownFileType = sourcecode.c.objc; path = RNViewController.m; sourceTree = "<group>"; };
		744ABAD3183FDF32009A6366 /* Images.xcassets */ = {isa = PBXFileReference; lastKnownFileType = folder.assetcatalog; path = Images.xcassets; sourceTree = "<group>"; };
		744ABAD9183FDF32009A6366 /* RayNovTests.xctest */ = {isa = PBXFileReference; explicitFileType = wrapper.cfbundle; includeInIndex = 0; path = RayNovTests.xctest; sourceTree = BUILT_PRODUCTS_DIR; };
		744ABADA183FDF32009A6366 /* XCTest.framework */ = {isa = PBXFileReference; lastKnownFileType = wrapper.framework; name = XCTest.framework; path = Library/Frameworks/XCTest.framework; sourceTree = DEVELOPER_DIR; };
		744ABAE2183FDF32009A6366 /* RayNovTests-Info.plist */ = {isa = PBXFileReference; lastKnownFileType = text.plist.xml; path = "RayNovTests-Info.plist"; sourceTree = "<group>"; };
		744ABAE4183FDF32009A6366 /* en */ = {isa = PBXFileReference; lastKnownFileType = text.plist.strings; name = en; path = en.lproj/InfoPlist.strings; sourceTree = "<group>"; };
		744ABAE6183FDF32009A6366 /* RayNovTests.m */ = {isa = PBXFileReference; lastKnownFileType = sourcecode.c.objc; path = RayNovTests.m; sourceTree = "<group>"; };
		744ABB09183FE264009A6366 /* ProjectModel.xcdatamodel */ = {isa = PBXFileReference; lastKnownFileType = wrapper.xcdatamodel; path = ProjectModel.xcdatamodel; sourceTree = "<group>"; };
/* End PBXFileReference section */

/* Begin PBXFrameworksBuildPhase section */
		744ABAB5183FDF32009A6366 /* Frameworks */ = {
			isa = PBXFrameworksBuildPhase;
			buildActionMask = 2147483647;
			files = (
				741F019D183FF9AF00FF9FE8 /* CoreData.framework in Frameworks */,
				744ABABE183FDF32009A6366 /* CoreGraphics.framework in Frameworks */,
				744ABAC0183FDF32009A6366 /* UIKit.framework in Frameworks */,
				744ABABC183FDF32009A6366 /* Foundation.framework in Frameworks */,
			);
			runOnlyForDeploymentPostprocessing = 0;
		};
		744ABAD6183FDF32009A6366 /* Frameworks */ = {
			isa = PBXFrameworksBuildPhase;
			buildActionMask = 2147483647;
			files = (
				744ABADB183FDF32009A6366 /* XCTest.framework in Frameworks */,
				744ABADD183FDF32009A6366 /* UIKit.framework in Frameworks */,
				744ABADC183FDF32009A6366 /* Foundation.framework in Frameworks */,
			);
			runOnlyForDeploymentPostprocessing = 0;
		};
/* End PBXFrameworksBuildPhase section */

/* Begin PBXGroup section */
		741F019E184290B400FF9FE8 /* Model */ = {
			isa = PBXGroup;
			children = (
				741F019F184290B400FF9FE8 /* Human */,
				741F01B2184290B400FF9FE8 /* Machine */,
			);
			path = Model;
			sourceTree = "<group>";
		};
		741F019F184290B400FF9FE8 /* Human */ = {
			isa = PBXGroup;
			children = (
				741F01A0184290B400FF9FE8 /* RNCeiling.h */,
				741F01A1184290B400FF9FE8 /* RNCeiling.m */,
				741F01A2184290B400FF9FE8 /* RNDoor.h */,
				741F01A3184290B400FF9FE8 /* RNDoor.m */,
				741F01A4184290B400FF9FE8 /* RNGround.h */,
				741F01A5184290B400FF9FE8 /* RNGround.m */,
				741F01A6184290B400FF9FE8 /* RNProject.h */,
				741F01A7184290B400FF9FE8 /* RNProject.m */,
				741F01A8184290B400FF9FE8 /* RNRadiator.h */,
				741F01A9184290B400FF9FE8 /* RNRadiator.m */,
				741F01AA184290B400FF9FE8 /* RNRoom.h */,
				741F01AB184290B400FF9FE8 /* RNRoom.m */,
				741F01AC184290B400FF9FE8 /* RNSurface.h */,
				741F01AD184290B400FF9FE8 /* RNSurface.m */,
				741F01AE184290B400FF9FE8 /* RNWall.h */,
				741F01AF184290B400FF9FE8 /* RNWall.m */,
				741F01B0184290B400FF9FE8 /* RNWindow.h */,
				741F01B1184290B400FF9FE8 /* RNWindow.m */,
			);
			path = Human;
			sourceTree = "<group>";
		};
		741F01B2184290B400FF9FE8 /* Machine */ = {
			isa = PBXGroup;
			children = (
				741F01B3184290B400FF9FE8 /* _RNCeiling.h */,
				741F01B4184290B400FF9FE8 /* _RNCeiling.m */,
				741F01B5184290B400FF9FE8 /* _RNDoor.h */,
				741F01B6184290B400FF9FE8 /* _RNDoor.m */,
				741F01B7184290B400FF9FE8 /* _RNGround.h */,
				741F01B8184290B400FF9FE8 /* _RNGround.m */,
				741F01B9184290B400FF9FE8 /* _RNProject.h */,
				741F01BA184290B400FF9FE8 /* _RNProject.m */,
				741F01BB184290B400FF9FE8 /* _RNRadiator.h */,
				741F01BC184290B400FF9FE8 /* _RNRadiator.m */,
				741F01BD184290B400FF9FE8 /* _RNRoom.h */,
				741F01BE184290B400FF9FE8 /* _RNRoom.m */,
				741F01BF184290B400FF9FE8 /* _RNSurface.h */,
				741F01C0184290B400FF9FE8 /* _RNSurface.m */,
				741F01C1184290B400FF9FE8 /* _RNWall.h */,
				741F01C2184290B400FF9FE8 /* _RNWall.m */,
				741F01C3184290B400FF9FE8 /* _RNWindow.h */,
				741F01C4184290B400FF9FE8 /* _RNWindow.m */,
			);
			path = Machine;
			sourceTree = "<group>";
		};
		744ABAAF183FDF32009A6366 = {
			isa = PBXGroup;
			children = (
				744ABAC1183FDF32009A6366 /* RayNov */,
				744ABAE0183FDF32009A6366 /* RayNovTests */,
				744ABABA183FDF32009A6366 /* Frameworks */,
				744ABAB9183FDF32009A6366 /* Products */,
			);
			sourceTree = "<group>";
		};
		744ABAB9183FDF32009A6366 /* Products */ = {
			isa = PBXGroup;
			children = (
				744ABAB8183FDF32009A6366 /* RayNov.app */,
				744ABAD9183FDF32009A6366 /* RayNovTests.xctest */,
			);
			name = Products;
			sourceTree = "<group>";
		};
		744ABABA183FDF32009A6366 /* Frameworks */ = {
			isa = PBXGroup;
			children = (
				741F019C183FF9AF00FF9FE8 /* CoreData.framework */,
				744ABABB183FDF32009A6366 /* Foundation.framework */,
				744ABABD183FDF32009A6366 /* CoreGraphics.framework */,
				744ABABF183FDF32009A6366 /* UIKit.framework */,
				744ABADA183FDF32009A6366 /* XCTest.framework */,
			);
			name = Frameworks;
			sourceTree = "<group>";
		};
		744ABAC1183FDF32009A6366 /* RayNov */ = {
			isa = PBXGroup;
			children = (
				741F019E184290B400FF9FE8 /* Model */,
				744ABACA183FDF32009A6366 /* RNAppDelegate.h */,
				744ABACB183FDF32009A6366 /* RNAppDelegate.m */,
				744ABAD0183FDF32009A6366 /* RNViewController.h */,
				744ABAD1183FDF32009A6366 /* RNViewController.m */,
				741F01DD18433B6900FF9FE8 /* RNCreateProjectViewController.h */,
				741F01DE18433B6900FF9FE8 /* RNCreateProjectViewController.m */,
				744ABACD183FDF32009A6366 /* Main.storyboard */,
				744ABAD3183FDF32009A6366 /* Images.xcassets */,
				744ABAC2183FDF32009A6366 /* Supporting Files */,
				744ABB08183FE264009A6366 /* ProjectModel.xcdatamodeld */,
			);
			path = RayNov;
			sourceTree = "<group>";
		};
		744ABAC2183FDF32009A6366 /* Supporting Files */ = {
			isa = PBXGroup;
			children = (
				744ABAC3183FDF32009A6366 /* RayNov-Info.plist */,
				744ABAC4183FDF32009A6366 /* InfoPlist.strings */,
				744ABAC7183FDF32009A6366 /* main.m */,
				744ABAC9183FDF32009A6366 /* RayNov-Prefix.pch */,
			);
			name = "Supporting Files";
			sourceTree = "<group>";
		};
		744ABAE0183FDF32009A6366 /* RayNovTests */ = {
			isa = PBXGroup;
			children = (
				744ABAE6183FDF32009A6366 /* RayNovTests.m */,
				744ABAE1183FDF32009A6366 /* Supporting Files */,
			);
			path = RayNovTests;
			sourceTree = "<group>";
		};
		744ABAE1183FDF32009A6366 /* Supporting Files */ = {
			isa = PBXGroup;
			children = (
				744ABAE2183FDF32009A6366 /* RayNovTests-Info.plist */,
				744ABAE3183FDF32009A6366 /* InfoPlist.strings */,
			);
			name = "Supporting Files";
			sourceTree = "<group>";
		};
/* End PBXGroup section */

/* Begin PBXNativeTarget section */
		744ABAB7183FDF32009A6366 /* RayNov */ = {
			isa = PBXNativeTarget;
			buildConfigurationList = 744ABAEA183FDF32009A6366 /* Build configuration list for PBXNativeTarget "RayNov" */;
			buildPhases = (
				744ABAB4183FDF32009A6366 /* Sources */,
				744ABAB5183FDF32009A6366 /* Frameworks */,
				744ABAB6183FDF32009A6366 /* Resources */,
			);
			buildRules = (
			);
			dependencies = (
				744ABB10183FE7C8009A6366 /* PBXTargetDependency */,
			);
			name = RayNov;
			productName = RayNov;
			productReference = 744ABAB8183FDF32009A6366 /* RayNov.app */;
			productType = "com.apple.product-type.application";
		};
		744ABAD8183FDF32009A6366 /* RayNovTests */ = {
			isa = PBXNativeTarget;
			buildConfigurationList = 744ABAED183FDF32009A6366 /* Build configuration list for PBXNativeTarget "RayNovTests" */;
			buildPhases = (
				744ABAD5183FDF32009A6366 /* Sources */,
				744ABAD6183FDF32009A6366 /* Frameworks */,
				744ABAD7183FDF32009A6366 /* Resources */,
			);
			buildRules = (
			);
			dependencies = (
				744ABADF183FDF32009A6366 /* PBXTargetDependency */,
			);
			name = RayNovTests;
			productName = RayNovTests;
			productReference = 744ABAD9183FDF32009A6366 /* RayNovTests.xctest */;
			productType = "com.apple.product-type.bundle.unit-test";
		};
/* End PBXNativeTarget section */

/* Begin PBXProject section */
		744ABAB0183FDF32009A6366 /* Project object */ = {
			isa = PBXProject;
			attributes = {
				CLASSPREFIX = RN;
				LastUpgradeCheck = 0500;
				ORGANIZATIONNAME = "Mathieu Cordebard";
				TargetAttributes = {
					744ABAD8183FDF32009A6366 = {
						TestTargetID = 744ABAB7183FDF32009A6366;
					};
				};
			};
			buildConfigurationList = 744ABAB3183FDF32009A6366 /* Build configuration list for PBXProject "RayNov" */;
			compatibilityVersion = "Xcode 3.2";
			developmentRegion = English;
			hasScannedForEncodings = 0;
			knownRegions = (
				en,
				Base,
			);
			mainGroup = 744ABAAF183FDF32009A6366;
			productRefGroup = 744ABAB9183FDF32009A6366 /* Products */;
			projectDirPath = "";
			projectRoot = "";
			targets = (
				744ABAB7183FDF32009A6366 /* RayNov */,
				744ABB0B183FE7AE009A6366 /* Mogenerator */,
				744ABAD8183FDF32009A6366 /* RayNovTests */,
			);
		};
/* End PBXProject section */

/* Begin PBXResourcesBuildPhase section */
		744ABAB6183FDF32009A6366 /* Resources */ = {
			isa = PBXResourcesBuildPhase;
			buildActionMask = 2147483647;
			files = (
				744ABAD4183FDF32009A6366 /* Images.xcassets in Resources */,
				744ABAC6183FDF32009A6366 /* InfoPlist.strings in Resources */,
				744ABACF183FDF32009A6366 /* Main.storyboard in Resources */,
			);
			runOnlyForDeploymentPostprocessing = 0;
		};
		744ABAD7183FDF32009A6366 /* Resources */ = {
			isa = PBXResourcesBuildPhase;
			buildActionMask = 2147483647;
			files = (
				744ABAE5183FDF32009A6366 /* InfoPlist.strings in Resources */,
			);
			runOnlyForDeploymentPostprocessing = 0;
		};
/* End PBXResourcesBuildPhase section */

/* Begin PBXShellScriptBuildPhase section */
		744ABB11183FE7E0009A6366 /* ShellScript */ = {
			isa = PBXShellScriptBuildPhase;
			buildActionMask = 2147483647;
			files = (
			);
			inputPaths = (
			);
			outputPaths = (
			);
			runOnlyForDeploymentPostprocessing = 0;
			shellPath = /bin/sh;
			shellScript = "mogenerator -m RayNov/ProjectModel.xcdatamodeld/ProjectModel.xcdatamodel --machine-dir RayNov/Model/Machine --human-dir RayNov/Model/Human --template-var arc=true";
		};
/* End PBXShellScriptBuildPhase section */

/* Begin PBXSourcesBuildPhase section */
		744ABAB4183FDF32009A6366 /* Sources */ = {
			isa = PBXSourcesBuildPhase;
			buildActionMask = 2147483647;
			files = (
				741F01CD184290B400FF9FE8 /* RNWindow.m in Sources */,
				741F01D5184290B400FF9FE8 /* _RNWall.m in Sources */,
				744ABB0A183FE264009A6366 /* ProjectModel.xcdatamodeld in Sources */,
				744ABACC183FDF32009A6366 /* RNAppDelegate.m in Sources */,
				741F01C5184290B400FF9FE8 /* RNCeiling.m in Sources */,
				741F01D0184290B400FF9FE8 /* _RNGround.m in Sources */,
				744ABAC8183FDF32009A6366 /* main.m in Sources */,
				741F01CA184290B400FF9FE8 /* RNRoom.m in Sources */,
				741F01D4184290B400FF9FE8 /* _RNSurface.m in Sources */,
				741F01D2184290B400FF9FE8 /* _RNRadiator.m in Sources */,
				741F01C9184290B400FF9FE8 /* RNRadiator.m in Sources */,
				741F01D1184290B400FF9FE8 /* _RNProject.m in Sources */,
				741F01CB184290B400FF9FE8 /* RNSurface.m in Sources */,
				741F01D6184290B400FF9FE8 /* _RNWindow.m in Sources */,
				744ABAD2183FDF32009A6366 /* RNViewController.m in Sources */,
				741F01C8184290B400FF9FE8 /* RNProject.m in Sources */,
				741F01CF184290B400FF9FE8 /* _RNDoor.m in Sources */,
				741F01C6184290B400FF9FE8 /* RNDoor.m in Sources */,
				741F01CE184290B400FF9FE8 /* _RNCeiling.m in Sources */,
				741F01DF18433B6900FF9FE8 /* RNCreateProjectViewController.m in Sources */,
				741F01C7184290B400FF9FE8 /* RNGround.m in Sources */,
				741F01CC184290B400FF9FE8 /* RNWall.m in Sources */,
				741F01D3184290B400FF9FE8 /* _RNRoom.m in Sources */,
			);
			runOnlyForDeploymentPostprocessing = 0;
		};
		744ABAD5183FDF32009A6366 /* Sources */ = {
			isa = PBXSourcesBuildPhase;
			buildActionMask = 2147483647;
			files = (
				744ABAE7183FDF32009A6366 /* RayNovTests.m in Sources */,
			);
			runOnlyForDeploymentPostprocessing = 0;
		};
/* End PBXSourcesBuildPhase section */

/* Begin PBXTargetDependency section */
		744ABADF183FDF32009A6366 /* PBXTargetDependency */ = {
			isa = PBXTargetDependency;
			target = 744ABAB7183FDF32009A6366 /* RayNov */;
			targetProxy = 744ABADE183FDF32009A6366 /* PBXContainerItemProxy */;
		};
		744ABB10183FE7C8009A6366 /* PBXTargetDependency */ = {
			isa = PBXTargetDependency;
			target = 744ABB0B183FE7AE009A6366 /* Mogenerator */;
			targetProxy = 744ABB0F183FE7C8009A6366 /* PBXContainerItemProxy */;
		};
/* End PBXTargetDependency section */

/* Begin PBXVariantGroup section */
		744ABAC4183FDF32009A6366 /* InfoPlist.strings */ = {
			isa = PBXVariantGroup;
			children = (
				744ABAC5183FDF32009A6366 /* en */,
			);
			name = InfoPlist.strings;
			sourceTree = "<group>";
		};
		744ABACD183FDF32009A6366 /* Main.storyboard */ = {
			isa = PBXVariantGroup;
			children = (
				744ABACE183FDF32009A6366 /* Base */,
			);
			name = Main.storyboard;
			sourceTree = "<group>";
		};
		744ABAE3183FDF32009A6366 /* InfoPlist.strings */ = {
			isa = PBXVariantGroup;
			children = (
				744ABAE4183FDF32009A6366 /* en */,
			);
			name = InfoPlist.strings;
			sourceTree = "<group>";
		};
/* End PBXVariantGroup section */

/* Begin XCBuildConfiguration section */
		744ABAE8183FDF32009A6366 /* Debug */ = {
			isa = XCBuildConfiguration;
			buildSettings = {
				ALWAYS_SEARCH_USER_PATHS = NO;
				ARCHS = "$(ARCHS_STANDARD_INCLUDING_64_BIT)";
				CLANG_CXX_LANGUAGE_STANDARD = "gnu++0x";
				CLANG_CXX_LIBRARY = "libc++";
				CLANG_ENABLE_MODULES = YES;
				CLANG_ENABLE_OBJC_ARC = YES;
				CLANG_WARN_BOOL_CONVERSION = YES;
				CLANG_WARN_CONSTANT_CONVERSION = YES;
				CLANG_WARN_DIRECT_OBJC_ISA_USAGE = YES_ERROR;
				CLANG_WARN_EMPTY_BODY = YES;
				CLANG_WARN_ENUM_CONVERSION = YES;
				CLANG_WARN_INT_CONVERSION = YES;
				CLANG_WARN_OBJC_ROOT_CLASS = YES_ERROR;
				CLANG_WARN__DUPLICATE_METHOD_MATCH = YES;
				"CODE_SIGN_IDENTITY[sdk=iphoneos*]" = "iPhone Developer";
				COPY_PHASE_STRIP = NO;
				GCC_C_LANGUAGE_STANDARD = gnu99;
				GCC_DYNAMIC_NO_PIC = NO;
				GCC_OPTIMIZATION_LEVEL = 0;
				GCC_PREPROCESSOR_DEFINITIONS = (
					"DEBUG=1",
					"$(inherited)",
				);
				GCC_SYMBOLS_PRIVATE_EXTERN = NO;
				GCC_WARN_64_TO_32_BIT_CONVERSION = YES;
				GCC_WARN_ABOUT_RETURN_TYPE = YES_ERROR;
				GCC_WARN_UNDECLARED_SELECTOR = YES;
				GCC_WARN_UNINITIALIZED_AUTOS = YES;
				GCC_WARN_UNUSED_FUNCTION = YES;
				GCC_WARN_UNUSED_VARIABLE = YES;
				IPHONEOS_DEPLOYMENT_TARGET = 7.0;
				ONLY_ACTIVE_ARCH = YES;
				SDKROOT = iphoneos;
				TARGETED_DEVICE_FAMILY = 2;
			};
			name = Debug;
		};
		744ABAE9183FDF32009A6366 /* Release */ = {
			isa = XCBuildConfiguration;
			buildSettings = {
				ALWAYS_SEARCH_USER_PATHS = NO;
				ARCHS = "$(ARCHS_STANDARD_INCLUDING_64_BIT)";
				CLANG_CXX_LANGUAGE_STANDARD = "gnu++0x";
				CLANG_CXX_LIBRARY = "libc++";
				CLANG_ENABLE_MODULES = YES;
				CLANG_ENABLE_OBJC_ARC = YES;
				CLANG_WARN_BOOL_CONVERSION = YES;
				CLANG_WARN_CONSTANT_CONVERSION = YES;
				CLANG_WARN_DIRECT_OBJC_ISA_USAGE = YES_ERROR;
				CLANG_WARN_EMPTY_BODY = YES;
				CLANG_WARN_ENUM_CONVERSION = YES;
				CLANG_WARN_INT_CONVERSION = YES;
				CLANG_WARN_OBJC_ROOT_CLASS = YES_ERROR;
				CLANG_WARN__DUPLICATE_METHOD_MATCH = YES;
				"CODE_SIGN_IDENTITY[sdk=iphoneos*]" = "iPhone Developer";
				COPY_PHASE_STRIP = YES;
				ENABLE_NS_ASSERTIONS = NO;
				GCC_C_LANGUAGE_STANDARD = gnu99;
				GCC_WARN_64_TO_32_BIT_CONVERSION = YES;
				GCC_WARN_ABOUT_RETURN_TYPE = YES_ERROR;
				GCC_WARN_UNDECLARED_SELECTOR = YES;
				GCC_WARN_UNINITIALIZED_AUTOS = YES;
				GCC_WARN_UNUSED_FUNCTION = YES;
				GCC_WARN_UNUSED_VARIABLE = YES;
				IPHONEOS_DEPLOYMENT_TARGET = 7.0;
				SDKROOT = iphoneos;
				TARGETED_DEVICE_FAMILY = 2;
				VALIDATE_PRODUCT = YES;
			};
			name = Release;
		};
		744ABAEB183FDF32009A6366 /* Debug */ = {
			isa = XCBuildConfiguration;
			buildSettings = {
				ASSETCATALOG_COMPILER_APPICON_NAME = AppIcon;
				ASSETCATALOG_COMPILER_LAUNCHIMAGE_NAME = LaunchImage;
				GCC_PRECOMPILE_PREFIX_HEADER = YES;
				GCC_PREFIX_HEADER = "RayNov/RayNov-Prefix.pch";
				INFOPLIST_FILE = "RayNov/RayNov-Info.plist";
				PRODUCT_NAME = "$(TARGET_NAME)";
				WRAPPER_EXTENSION = app;
			};
			name = Debug;
		};
		744ABAEC183FDF32009A6366 /* Release */ = {
			isa = XCBuildConfiguration;
			buildSettings = {
				ASSETCATALOG_COMPILER_APPICON_NAME = AppIcon;
				ASSETCATALOG_COMPILER_LAUNCHIMAGE_NAME = LaunchImage;
				GCC_PRECOMPILE_PREFIX_HEADER = YES;
				GCC_PREFIX_HEADER = "RayNov/RayNov-Prefix.pch";
				INFOPLIST_FILE = "RayNov/RayNov-Info.plist";
				PRODUCT_NAME = "$(TARGET_NAME)";
				WRAPPER_EXTENSION = app;
			};
			name = Release;
		};
		744ABAEE183FDF32009A6366 /* Debug */ = {
			isa = XCBuildConfiguration;
			buildSettings = {
				ARCHS = "$(ARCHS_STANDARD_INCLUDING_64_BIT)";
				BUNDLE_LOADER = "$(BUILT_PRODUCTS_DIR)/RayNov.app/RayNov";
				FRAMEWORK_SEARCH_PATHS = (
					"$(SDKROOT)/Developer/Library/Frameworks",
					"$(inherited)",
					"$(DEVELOPER_FRAMEWORKS_DIR)",
				);
				GCC_PRECOMPILE_PREFIX_HEADER = YES;
				GCC_PREFIX_HEADER = "RayNov/RayNov-Prefix.pch";
				GCC_PREPROCESSOR_DEFINITIONS = (
					"DEBUG=1",
					"$(inherited)",
				);
				INFOPLIST_FILE = "RayNovTests/RayNovTests-Info.plist";
				PRODUCT_NAME = "$(TARGET_NAME)";
				TEST_HOST = "$(BUNDLE_LOADER)";
				WRAPPER_EXTENSION = xctest;
			};
			name = Debug;
		};
		744ABAEF183FDF32009A6366 /* Release */ = {
			isa = XCBuildConfiguration;
			buildSettings = {
				ARCHS = "$(ARCHS_STANDARD_INCLUDING_64_BIT)";
				BUNDLE_LOADER = "$(BUILT_PRODUCTS_DIR)/RayNov.app/RayNov";
				FRAMEWORK_SEARCH_PATHS = (
					"$(SDKROOT)/Developer/Library/Frameworks",
					"$(inherited)",
					"$(DEVELOPER_FRAMEWORKS_DIR)",
				);
				GCC_PRECOMPILE_PREFIX_HEADER = YES;
				GCC_PREFIX_HEADER = "RayNov/RayNov-Prefix.pch";
				INFOPLIST_FILE = "RayNovTests/RayNovTests-Info.plist";
				PRODUCT_NAME = "$(TARGET_NAME)";
				TEST_HOST = "$(BUNDLE_LOADER)";
				WRAPPER_EXTENSION = xctest;
			};
			name = Release;
		};
		744ABB0D183FE7AE009A6366 /* Debug */ = {
			isa = XCBuildConfiguration;
			buildSettings = {
				PRODUCT_NAME = "$(TARGET_NAME)";
			};
			name = Debug;
		};
		744ABB0E183FE7AE009A6366 /* Release */ = {
			isa = XCBuildConfiguration;
			buildSettings = {
				PRODUCT_NAME = "$(TARGET_NAME)";
			};
			name = Release;
		};
/* End XCBuildConfiguration section */

/* Begin XCConfigurationList section */
		744ABAB3183FDF32009A6366 /* Build configuration list for PBXProject "RayNov" */ = {
			isa = XCConfigurationList;
			buildConfigurations = (
				744ABAE8183FDF32009A6366 /* Debug */,
				744ABAE9183FDF32009A6366 /* Release */,
			);
			defaultConfigurationIsVisible = 0;
			defaultConfigurationName = Release;
		};
		744ABAEA183FDF32009A6366 /* Build configuration list for PBXNativeTarget "RayNov" */ = {
			isa = XCConfigurationList;
			buildConfigurations = (
				744ABAEB183FDF32009A6366 /* Debug */,
				744ABAEC183FDF32009A6366 /* Release */,
			);
			defaultConfigurationIsVisible = 0;
			defaultConfigurationName = Release;
		};
		744ABAED183FDF32009A6366 /* Build configuration list for PBXNativeTarget "RayNovTests" */ = {
			isa = XCConfigurationList;
			buildConfigurations = (
				744ABAEE183FDF32009A6366 /* Debug */,
				744ABAEF183FDF32009A6366 /* Release */,
			);
			defaultConfigurationIsVisible = 0;
			defaultConfigurationName = Release;
		};
		744ABB0C183FE7AE009A6366 /* Build configuration list for PBXAggregateTarget "Mogenerator" */ = {
			isa = XCConfigurationList;
			buildConfigurations = (
				744ABB0D183FE7AE009A6366 /* Debug */,
				744ABB0E183FE7AE009A6366 /* Release */,
			);
			defaultConfigurationIsVisible = 0;
			defaultConfigurationName = Release;
		};
/* End XCConfigurationList section */

/* Begin XCVersionGroup section */
		744ABB08183FE264009A6366 /* ProjectModel.xcdatamodeld */ = {
			isa = XCVersionGroup;
			children = (
				744ABB09183FE264009A6366 /* ProjectModel.xcdatamodel */,
			);
			currentVersion = 744ABB09183FE264009A6366 /* ProjectModel.xcdatamodel */;
			path = ProjectModel.xcdatamodeld;
			sourceTree = "<group>";
			versionGroupType = wrapper.xcdatamodel;
		};
/* End XCVersionGroup section */
	};
	rootObject = 744ABAB0183FDF32009A6366 /* Project object */;
}
