// !$*UTF8*$!
{
	archiveVersion = 1;
	classes = {
	};
	objectVersion = 46;
	objects = {

/* Begin PBXAggregateTarget section */
		744ABB0B183FE7AE009A6366 /* Mogenerator */ = {
			isa = PBXAggregateTarget;
			buildConfigurationList = 744ABB0C183FE7AE009A6366 /* Build configuration list for PBXAggregateTarget "Mogenerator" */;
			buildPhases = (
				744ABB11183FE7E0009A6366 /* ShellScript */,
			);
			dependencies = (
			);
			name = Mogenerator;
			productName = Mogenerator;
		};
/* End PBXAggregateTarget section */

/* Begin PBXBuildFile section */
		740C98FF185275A800235B11 /* RNClientEditViewController.m in Sources */ = {isa = PBXBuildFile; fileRef = 740C98FE185275A800235B11 /* RNClientEditViewController.m */; };
		741360651848CE4400B7207A /* RNGridViewController.m in Sources */ = {isa = PBXBuildFile; fileRef = 741360641848CE4400B7207A /* RNGridViewController.m */; };
		741360681848CE6400B7207A /* RNGridItemCell.m in Sources */ = {isa = PBXBuildFile; fileRef = 741360671848CE6400B7207A /* RNGridItemCell.m */; };
		7413606B1848CEF500B7207A /* RNGridLayout.m in Sources */ = {isa = PBXBuildFile; fileRef = 7413606A1848CEF500B7207A /* RNGridLayout.m */; };
		7413606E1848D84600B7207A /* RNGridLayoutAttributes.m in Sources */ = {isa = PBXBuildFile; fileRef = 7413606D1848D84600B7207A /* RNGridLayoutAttributes.m */; };
		741360BA1848F89000B7207A /* Localizable.strings in Resources */ = {isa = PBXBuildFile; fileRef = 741360B91848F89000B7207A /* Localizable.strings */; };
		741360BE184924E200B7207A /* RNMenuViewController.m in Sources */ = {isa = PBXBuildFile; fileRef = 741360BD184924E200B7207A /* RNMenuViewController.m */; };
		741360C11849361500B7207A /* RNRoomItem.m in Sources */ = {isa = PBXBuildFile; fileRef = 741360C01849361500B7207A /* RNRoomItem.m */; };
		741360C41849364900B7207A /* RNRoomsLayout.m in Sources */ = {isa = PBXBuildFile; fileRef = 741360C31849364900B7207A /* RNRoomsLayout.m */; };
		741360C71849C0C000B7207A /* _RNClient.m in Sources */ = {isa = PBXBuildFile; fileRef = 741360C61849C0C000B7207A /* _RNClient.m */; };
		741360CA1849C0E800B7207A /* RNClient.m in Sources */ = {isa = PBXBuildFile; fileRef = 741360C91849C0E800B7207A /* RNClient.m */; };
		741360CD1849D0BA00B7207A /* RNAddress.m in Sources */ = {isa = PBXBuildFile; fileRef = 741360CC1849D0BA00B7207A /* RNAddress.m */; };
		741360D01849D0C600B7207A /* _RNAddress.m in Sources */ = {isa = PBXBuildFile; fileRef = 741360CF1849D0C600B7207A /* _RNAddress.m */; };
		741360D41849D10800B7207A /* RNClientTableViewController.m in Sources */ = {isa = PBXBuildFile; fileRef = 741360D31849D10800B7207A /* RNClientTableViewController.m */; };
		7414A6C01853AD80009ABD62 /* RNTableViewController.m in Sources */ = {isa = PBXBuildFile; fileRef = 7414A6BF1853AD80009ABD62 /* RNTableViewController.m */; };
		741F019D183FF9AF00FF9FE8 /* CoreData.framework in Frameworks */ = {isa = PBXBuildFile; fileRef = 741F019C183FF9AF00FF9FE8 /* CoreData.framework */; };
		741F01C5184290B400FF9FE8 /* RNCeiling.m in Sources */ = {isa = PBXBuildFile; fileRef = 741F01A1184290B400FF9FE8 /* RNCeiling.m */; };
		741F01C6184290B400FF9FE8 /* RNDoor.m in Sources */ = {isa = PBXBuildFile; fileRef = 741F01A3184290B400FF9FE8 /* RNDoor.m */; };
		741F01C7184290B400FF9FE8 /* RNGround.m in Sources */ = {isa = PBXBuildFile; fileRef = 741F01A5184290B400FF9FE8 /* RNGround.m */; };
		741F01C9184290B400FF9FE8 /* RNRadiator.m in Sources */ = {isa = PBXBuildFile; fileRef = 741F01A9184290B400FF9FE8 /* RNRadiator.m */; };
		741F01CA184290B400FF9FE8 /* RNRoom.m in Sources */ = {isa = PBXBuildFile; fileRef = 741F01AB184290B400FF9FE8 /* RNRoom.m */; };
		741F01CB184290B400FF9FE8 /* RNSurface.m in Sources */ = {isa = PBXBuildFile; fileRef = 741F01AD184290B400FF9FE8 /* RNSurface.m */; };
		741F01CC184290B400FF9FE8 /* RNWall.m in Sources */ = {isa = PBXBuildFile; fileRef = 741F01AF184290B400FF9FE8 /* RNWall.m */; };
		741F01CD184290B400FF9FE8 /* RNWindow.m in Sources */ = {isa = PBXBuildFile; fileRef = 741F01B1184290B400FF9FE8 /* RNWindow.m */; };
		741F01CE184290B400FF9FE8 /* _RNCeiling.m in Sources */ = {isa = PBXBuildFile; fileRef = 741F01B4184290B400FF9FE8 /* _RNCeiling.m */; };
		741F01CF184290B400FF9FE8 /* _RNDoor.m in Sources */ = {isa = PBXBuildFile; fileRef = 741F01B6184290B400FF9FE8 /* _RNDoor.m */; };
		741F01D0184290B400FF9FE8 /* _RNGround.m in Sources */ = {isa = PBXBuildFile; fileRef = 741F01B8184290B400FF9FE8 /* _RNGround.m */; };
		741F01D2184290B400FF9FE8 /* _RNRadiator.m in Sources */ = {isa = PBXBuildFile; fileRef = 741F01BC184290B400FF9FE8 /* _RNRadiator.m */; };
		741F01D3184290B400FF9FE8 /* _RNRoom.m in Sources */ = {isa = PBXBuildFile; fileRef = 741F01BE184290B400FF9FE8 /* _RNRoom.m */; };
		741F01D4184290B400FF9FE8 /* _RNSurface.m in Sources */ = {isa = PBXBuildFile; fileRef = 741F01C0184290B400FF9FE8 /* _RNSurface.m */; };
		741F01D5184290B400FF9FE8 /* _RNWall.m in Sources */ = {isa = PBXBuildFile; fileRef = 741F01C2184290B400FF9FE8 /* _RNWall.m */; };
		741F01D6184290B400FF9FE8 /* _RNWindow.m in Sources */ = {isa = PBXBuildFile; fileRef = 741F01C4184290B400FF9FE8 /* _RNWindow.m */; };
		741F01DF18433B6900FF9FE8 /* RNSiteEditViewController.m in Sources */ = {isa = PBXBuildFile; fileRef = 741F01DE18433B6900FF9FE8 /* RNSiteEditViewController.m */; };
		741F01F61844E9F200FF9FE8 /* RNStore.m in Sources */ = {isa = PBXBuildFile; fileRef = 741F01F51844E9F200FF9FE8 /* RNStore.m */; };
		7447A3AE1850CFC400417705 /* RNSplitViewController.m in Sources */ = {isa = PBXBuildFile; fileRef = 7447A3AD1850CFC400417705 /* RNSplitViewController.m */; };
		7447A3B9185194F200417705 /* RNSplitContentView.m in Sources */ = {isa = PBXBuildFile; fileRef = 7447A3B8185194F200417705 /* RNSplitContentView.m */; };
		744ABABC183FDF32009A6366 /* Foundation.framework in Frameworks */ = {isa = PBXBuildFile; fileRef = 744ABABB183FDF32009A6366 /* Foundation.framework */; };
		744ABABE183FDF32009A6366 /* CoreGraphics.framework in Frameworks */ = {isa = PBXBuildFile; fileRef = 744ABABD183FDF32009A6366 /* CoreGraphics.framework */; };
		744ABAC0183FDF32009A6366 /* UIKit.framework in Frameworks */ = {isa = PBXBuildFile; fileRef = 744ABABF183FDF32009A6366 /* UIKit.framework */; };
		744ABAC6183FDF32009A6366 /* InfoPlist.strings in Resources */ = {isa = PBXBuildFile; fileRef = 744ABAC4183FDF32009A6366 /* InfoPlist.strings */; };
		744ABAC8183FDF32009A6366 /* main.m in Sources */ = {isa = PBXBuildFile; fileRef = 744ABAC7183FDF32009A6366 /* main.m */; };
		744ABACC183FDF32009A6366 /* RNAppDelegate.m in Sources */ = {isa = PBXBuildFile; fileRef = 744ABACB183FDF32009A6366 /* RNAppDelegate.m */; };
		744ABACF183FDF32009A6366 /* Main.storyboard in Resources */ = {isa = PBXBuildFile; fileRef = 744ABACD183FDF32009A6366 /* Main.storyboard */; };
		744ABAD2183FDF32009A6366 /* RNProjectsViewController.m in Sources */ = {isa = PBXBuildFile; fileRef = 744ABAD1183FDF32009A6366 /* RNProjectsViewController.m */; };
		744ABAD4183FDF32009A6366 /* Images.xcassets in Resources */ = {isa = PBXBuildFile; fileRef = 744ABAD3183FDF32009A6366 /* Images.xcassets */; };
		744ABADB183FDF32009A6366 /* XCTest.framework in Frameworks */ = {isa = PBXBuildFile; fileRef = 744ABADA183FDF32009A6366 /* XCTest.framework */; };
		744ABADC183FDF32009A6366 /* Foundation.framework in Frameworks */ = {isa = PBXBuildFile; fileRef = 744ABABB183FDF32009A6366 /* Foundation.framework */; };
		744ABADD183FDF32009A6366 /* UIKit.framework in Frameworks */ = {isa = PBXBuildFile; fileRef = 744ABABF183FDF32009A6366 /* UIKit.framework */; };
		744ABAE5183FDF32009A6366 /* InfoPlist.strings in Resources */ = {isa = PBXBuildFile; fileRef = 744ABAE3183FDF32009A6366 /* InfoPlist.strings */; };
		744ABAE7183FDF32009A6366 /* RayNovTests.m in Sources */ = {isa = PBXBuildFile; fileRef = 744ABAE6183FDF32009A6366 /* RayNovTests.m */; };
		744ABB0A183FE264009A6366 /* ProjectModel.xcdatamodeld in Sources */ = {isa = PBXBuildFile; fileRef = 744ABB08183FE264009A6366 /* ProjectModel.xcdatamodeld */; };
		74A8D0BF184A89E90025D701 /* RNStore+RNSite.m in Sources */ = {isa = PBXBuildFile; fileRef = 74A8D0BE184A89E90025D701 /* RNStore+RNSite.m */; };
		74A8D0C2184A8B010025D701 /* RNStore+RNClient.m in Sources */ = {isa = PBXBuildFile; fileRef = 74A8D0C1184A8B010025D701 /* RNStore+RNClient.m */; };
		74A8D0D1184CDE560025D701 /* RNClientDetailsViewController.m in Sources */ = {isa = PBXBuildFile; fileRef = 74A8D0D0184CDE560025D701 /* RNClientDetailsViewController.m */; };
		74AB23AA1858AB7100977C0F /* RNSiteSplitViewController.m in Sources */ = {isa = PBXBuildFile; fileRef = 74AB23A91858AB7100977C0F /* RNSiteSplitViewController.m */; };
		74AB23AD1858ABC200977C0F /* RNSiteTableViewController.m in Sources */ = {isa = PBXBuildFile; fileRef = 74AB23AC1858ABC200977C0F /* RNSiteTableViewController.m */; };
		74AB23B01858AD1300977C0F /* RNSiteTableViewCell.m in Sources */ = {isa = PBXBuildFile; fileRef = 74AB23AF1858AD1300977C0F /* RNSiteTableViewCell.m */; };
		74AB23B31858BCF900977C0F /* RNSiteDetailsViewController.m in Sources */ = {isa = PBXBuildFile; fileRef = 74AB23B21858BCF900977C0F /* RNSiteDetailsViewController.m */; };
		74AB23BC1859E94E00977C0F /* RNSite.m in Sources */ = {isa = PBXBuildFile; fileRef = 74AB23BB1859E94E00977C0F /* RNSite.m */; };
		74AB23BF1859E95C00977C0F /* _RNSite.m in Sources */ = {isa = PBXBuildFile; fileRef = 74AB23BE1859E95C00977C0F /* _RNSite.m */; };
		74C773851846880B00074061 /* RNCollectionViewProjectCell.m in Sources */ = {isa = PBXBuildFile; fileRef = 74C773841846880B00074061 /* RNCollectionViewProjectCell.m */; };
		74D3E1991847D4720055BEEA /* reveal-icon.png in Resources */ = {isa = PBXBuildFile; fileRef = 74D3E1971847D4720055BEEA /* reveal-icon.png */; };
		74D3E19A1847D4720055BEEA /* reveal-icon@2x.png in Resources */ = {isa = PBXBuildFile; fileRef = 74D3E1981847D4720055BEEA /* reveal-icon@2x.png */; };
		74D3E19D1847DDA50055BEEA /* RNProjectsLayout.m in Sources */ = {isa = PBXBuildFile; fileRef = 74D3E19C1847DDA50055BEEA /* RNProjectsLayout.m */; };
		74D5AD8618469862004AADBF /* RNEditProjectViewController.m in Sources */ = {isa = PBXBuildFile; fileRef = 74D5AD8518469862004AADBF /* RNEditProjectViewController.m */; };
		74E2C580184E029F00AF0668 /* NSString+RNString.m in Sources */ = {isa = PBXBuildFile; fileRef = 74E2C57F184E029F00AF0668 /* NSString+RNString.m */; };
		74E2C586184E4EAB00AF0668 /* RNClientTableViewCell.m in Sources */ = {isa = PBXBuildFile; fileRef = 74E2C585184E4EAB00AF0668 /* RNClientTableViewCell.m */; };
		74E2C589184E767C00AF0668 /* RNClientsSplitViewController.m in Sources */ = {isa = PBXBuildFile; fileRef = 74E2C588184E767C00AF0668 /* RNClientsSplitViewController.m */; };
		A65A653FD14B4AFB91B937EA /* libPods.a in Frameworks */ = {isa = PBXBuildFile; fileRef = 3EC75C741B5C46E6AC3EFC5A /* libPods.a */; };
/* End PBXBuildFile section */

/* Begin PBXContainerItemProxy section */
		744ABADE183FDF32009A6366 /* PBXContainerItemProxy */ = {
			isa = PBXContainerItemProxy;
			containerPortal = 744ABAB0183FDF32009A6366 /* Project object */;
			proxyType = 1;
			remoteGlobalIDString = 744ABAB7183FDF32009A6366;
			remoteInfo = RayNov;
		};
		744ABB0F183FE7C8009A6366 /* PBXContainerItemProxy */ = {
			isa = PBXContainerItemProxy;
			containerPortal = 744ABAB0183FDF32009A6366 /* Project object */;
			proxyType = 1;
			remoteGlobalIDString = 744ABB0B183FE7AE009A6366;
			remoteInfo = Mogenerator;
		};
/* End PBXContainerItemProxy section */

/* Begin PBXFileReference section */
		3EC75C741B5C46E6AC3EFC5A /* libPods.a */ = {isa = PBXFileReference; explicitFileType = archive.ar; includeInIndex = 0; path = libPods.a; sourceTree = BUILT_PRODUCTS_DIR; };
		740C98FD185275A800235B11 /* RNClientEditViewController.h */ = {isa = PBXFileReference; fileEncoding = 4; lastKnownFileType = sourcecode.c.h; path = RNClientEditViewController.h; sourceTree = "<group>"; };
		740C98FE185275A800235B11 /* RNClientEditViewController.m */ = {isa = PBXFileReference; fileEncoding = 4; lastKnownFileType = sourcecode.c.objc; path = RNClientEditViewController.m; sourceTree = "<group>"; };
		741360631848CE4400B7207A /* RNGridViewController.h */ = {isa = PBXFileReference; fileEncoding = 4; lastKnownFileType = sourcecode.c.h; path = RNGridViewController.h; sourceTree = "<group>"; };
		741360641848CE4400B7207A /* RNGridViewController.m */ = {isa = PBXFileReference; fileEncoding = 4; lastKnownFileType = sourcecode.c.objc; path = RNGridViewController.m; sourceTree = "<group>"; };
		741360661848CE6400B7207A /* RNGridItemCell.h */ = {isa = PBXFileReference; fileEncoding = 4; lastKnownFileType = sourcecode.c.h; path = RNGridItemCell.h; sourceTree = "<group>"; };
		741360671848CE6400B7207A /* RNGridItemCell.m */ = {isa = PBXFileReference; fileEncoding = 4; lastKnownFileType = sourcecode.c.objc; path = RNGridItemCell.m; sourceTree = "<group>"; };
		741360691848CEF500B7207A /* RNGridLayout.h */ = {isa = PBXFileReference; fileEncoding = 4; lastKnownFileType = sourcecode.c.h; path = RNGridLayout.h; sourceTree = "<group>"; };
		7413606A1848CEF500B7207A /* RNGridLayout.m */ = {isa = PBXFileReference; fileEncoding = 4; lastKnownFileType = sourcecode.c.objc; path = RNGridLayout.m; sourceTree = "<group>"; };
		7413606C1848D84600B7207A /* RNGridLayoutAttributes.h */ = {isa = PBXFileReference; fileEncoding = 4; lastKnownFileType = sourcecode.c.h; path = RNGridLayoutAttributes.h; sourceTree = "<group>"; };
		7413606D1848D84600B7207A /* RNGridLayoutAttributes.m */ = {isa = PBXFileReference; fileEncoding = 4; lastKnownFileType = sourcecode.c.objc; path = RNGridLayoutAttributes.m; sourceTree = "<group>"; };
		741360B91848F89000B7207A /* Localizable.strings */ = {isa = PBXFileReference; fileEncoding = 4; lastKnownFileType = text.plist.strings; name = Localizable.strings; path = ../Localizable.strings; sourceTree = "<group>"; };
		741360BC184924E200B7207A /* RNMenuViewController.h */ = {isa = PBXFileReference; fileEncoding = 4; lastKnownFileType = sourcecode.c.h; path = RNMenuViewController.h; sourceTree = "<group>"; };
		741360BD184924E200B7207A /* RNMenuViewController.m */ = {isa = PBXFileReference; fileEncoding = 4; lastKnownFileType = sourcecode.c.objc; path = RNMenuViewController.m; sourceTree = "<group>"; };
		741360BF1849361500B7207A /* RNRoomItem.h */ = {isa = PBXFileReference; fileEncoding = 4; lastKnownFileType = sourcecode.c.h; path = RNRoomItem.h; sourceTree = "<group>"; };
		741360C01849361500B7207A /* RNRoomItem.m */ = {isa = PBXFileReference; fileEncoding = 4; lastKnownFileType = sourcecode.c.objc; path = RNRoomItem.m; sourceTree = "<group>"; };
		741360C21849364900B7207A /* RNRoomsLayout.h */ = {isa = PBXFileReference; fileEncoding = 4; lastKnownFileType = sourcecode.c.h; path = RNRoomsLayout.h; sourceTree = "<group>"; };
		741360C31849364900B7207A /* RNRoomsLayout.m */ = {isa = PBXFileReference; fileEncoding = 4; lastKnownFileType = sourcecode.c.objc; path = RNRoomsLayout.m; sourceTree = "<group>"; };
		741360C51849C0C000B7207A /* _RNClient.h */ = {isa = PBXFileReference; fileEncoding = 4; lastKnownFileType = sourcecode.c.h; path = _RNClient.h; sourceTree = "<group>"; };
		741360C61849C0C000B7207A /* _RNClient.m */ = {isa = PBXFileReference; fileEncoding = 4; lastKnownFileType = sourcecode.c.objc; path = _RNClient.m; sourceTree = "<group>"; };
		741360C81849C0E800B7207A /* RNClient.h */ = {isa = PBXFileReference; fileEncoding = 4; lastKnownFileType = sourcecode.c.h; path = RNClient.h; sourceTree = "<group>"; };
		741360C91849C0E800B7207A /* RNClient.m */ = {isa = PBXFileReference; fileEncoding = 4; lastKnownFileType = sourcecode.c.objc; path = RNClient.m; sourceTree = "<group>"; };
		741360CB1849D0BA00B7207A /* RNAddress.h */ = {isa = PBXFileReference; fileEncoding = 4; lastKnownFileType = sourcecode.c.h; path = RNAddress.h; sourceTree = "<group>"; };
		741360CC1849D0BA00B7207A /* RNAddress.m */ = {isa = PBXFileReference; fileEncoding = 4; lastKnownFileType = sourcecode.c.objc; path = RNAddress.m; sourceTree = "<group>"; };
		741360CE1849D0C600B7207A /* _RNAddress.h */ = {isa = PBXFileReference; fileEncoding = 4; lastKnownFileType = sourcecode.c.h; path = _RNAddress.h; sourceTree = "<group>"; };
		741360CF1849D0C600B7207A /* _RNAddress.m */ = {isa = PBXFileReference; fileEncoding = 4; lastKnownFileType = sourcecode.c.objc; path = _RNAddress.m; sourceTree = "<group>"; };
		741360D21849D10800B7207A /* RNClientTableViewController.h */ = {isa = PBXFileReference; fileEncoding = 4; lastKnownFileType = sourcecode.c.h; path = RNClientTableViewController.h; sourceTree = "<group>"; };
		741360D31849D10800B7207A /* RNClientTableViewController.m */ = {isa = PBXFileReference; fileEncoding = 4; lastKnownFileType = sourcecode.c.objc; path = RNClientTableViewController.m; sourceTree = "<group>"; };
		7414A6BE1853AD80009ABD62 /* RNTableViewController.h */ = {isa = PBXFileReference; fileEncoding = 4; lastKnownFileType = sourcecode.c.h; path = RNTableViewController.h; sourceTree = "<group>"; };
		7414A6BF1853AD80009ABD62 /* RNTableViewController.m */ = {isa = PBXFileReference; fileEncoding = 4; lastKnownFileType = sourcecode.c.objc; path = RNTableViewController.m; sourceTree = "<group>"; };
		741F019C183FF9AF00FF9FE8 /* CoreData.framework */ = {isa = PBXFileReference; lastKnownFileType = wrapper.framework; name = CoreData.framework; path = System/Library/Frameworks/CoreData.framework; sourceTree = SDKROOT; };
		741F01A0184290B400FF9FE8 /* RNCeiling.h */ = {isa = PBXFileReference; fileEncoding = 4; lastKnownFileType = sourcecode.c.h; path = RNCeiling.h; sourceTree = "<group>"; };
		741F01A1184290B400FF9FE8 /* RNCeiling.m */ = {isa = PBXFileReference; fileEncoding = 4; lastKnownFileType = sourcecode.c.objc; path = RNCeiling.m; sourceTree = "<group>"; };
		741F01A2184290B400FF9FE8 /* RNDoor.h */ = {isa = PBXFileReference; fileEncoding = 4; lastKnownFileType = sourcecode.c.h; path = RNDoor.h; sourceTree = "<group>"; };
		741F01A3184290B400FF9FE8 /* RNDoor.m */ = {isa = PBXFileReference; fileEncoding = 4; lastKnownFileType = sourcecode.c.objc; path = RNDoor.m; sourceTree = "<group>"; };
		741F01A4184290B400FF9FE8 /* RNGround.h */ = {isa = PBXFileReference; fileEncoding = 4; lastKnownFileType = sourcecode.c.h; path = RNGround.h; sourceTree = "<group>"; };
		741F01A5184290B400FF9FE8 /* RNGround.m */ = {isa = PBXFileReference; fileEncoding = 4; lastKnownFileType = sourcecode.c.objc; path = RNGround.m; sourceTree = "<group>"; };
		741F01A8184290B400FF9FE8 /* RNRadiator.h */ = {isa = PBXFileReference; fileEncoding = 4; lastKnownFileType = sourcecode.c.h; path = RNRadiator.h; sourceTree = "<group>"; };
		741F01A9184290B400FF9FE8 /* RNRadiator.m */ = {isa = PBXFileReference; fileEncoding = 4; lastKnownFileType = sourcecode.c.objc; path = RNRadiator.m; sourceTree = "<group>"; };
		741F01AA184290B400FF9FE8 /* RNRoom.h */ = {isa = PBXFileReference; fileEncoding = 4; lastKnownFileType = sourcecode.c.h; path = RNRoom.h; sourceTree = "<group>"; };
		741F01AB184290B400FF9FE8 /* RNRoom.m */ = {isa = PBXFileReference; fileEncoding = 4; lastKnownFileType = sourcecode.c.objc; path = RNRoom.m; sourceTree = "<group>"; };
		741F01AC184290B400FF9FE8 /* RNSurface.h */ = {isa = PBXFileReference; fileEncoding = 4; lastKnownFileType = sourcecode.c.h; path = RNSurface.h; sourceTree = "<group>"; };
		741F01AD184290B400FF9FE8 /* RNSurface.m */ = {isa = PBXFileReference; fileEncoding = 4; lastKnownFileType = sourcecode.c.objc; path = RNSurface.m; sourceTree = "<group>"; };
		741F01AE184290B400FF9FE8 /* RNWall.h */ = {isa = PBXFileReference; fileEncoding = 4; lastKnownFileType = sourcecode.c.h; path = RNWall.h; sourceTree = "<group>"; };
		741F01AF184290B400FF9FE8 /* RNWall.m */ = {isa = PBXFileReference; fileEncoding = 4; lastKnownFileType = sourcecode.c.objc; path = RNWall.m; sourceTree = "<group>"; };
		741F01B0184290B400FF9FE8 /* RNWindow.h */ = {isa = PBXFileReference; fileEncoding = 4; lastKnownFileType = sourcecode.c.h; path = RNWindow.h; sourceTree = "<group>"; };
		741F01B1184290B400FF9FE8 /* RNWindow.m */ = {isa = PBXFileReference; fileEncoding = 4; lastKnownFileType = sourcecode.c.objc; path = RNWindow.m; sourceTree = "<group>"; };
		741F01B3184290B400FF9FE8 /* _RNCeiling.h */ = {isa = PBXFileReference; fileEncoding = 4; lastKnownFileType = sourcecode.c.h; path = _RNCeiling.h; sourceTree = "<group>"; };
		741F01B4184290B400FF9FE8 /* _RNCeiling.m */ = {isa = PBXFileReference; fileEncoding = 4; lastKnownFileType = sourcecode.c.objc; path = _RNCeiling.m; sourceTree = "<group>"; };
		741F01B5184290B400FF9FE8 /* _RNDoor.h */ = {isa = PBXFileReference; fileEncoding = 4; lastKnownFileType = sourcecode.c.h; path = _RNDoor.h; sourceTree = "<group>"; };
		741F01B6184290B400FF9FE8 /* _RNDoor.m */ = {isa = PBXFileReference; fileEncoding = 4; lastKnownFileType = sourcecode.c.objc; path = _RNDoor.m; sourceTree = "<group>"; };
		741F01B7184290B400FF9FE8 /* _RNGround.h */ = {isa = PBXFileReference; fileEncoding = 4; lastKnownFileType = sourcecode.c.h; path = _RNGround.h; sourceTree = "<group>"; };
		741F01B8184290B400FF9FE8 /* _RNGround.m */ = {isa = PBXFileReference; fileEncoding = 4; lastKnownFileType = sourcecode.c.objc; path = _RNGround.m; sourceTree = "<group>"; };
		741F01BB184290B400FF9FE8 /* _RNRadiator.h */ = {isa = PBXFileReference; fileEncoding = 4; lastKnownFileType = sourcecode.c.h; path = _RNRadiator.h; sourceTree = "<group>"; };
		741F01BC184290B400FF9FE8 /* _RNRadiator.m */ = {isa = PBXFileReference; fileEncoding = 4; lastKnownFileType = sourcecode.c.objc; path = _RNRadiator.m; sourceTree = "<group>"; };
		741F01BD184290B400FF9FE8 /* _RNRoom.h */ = {isa = PBXFileReference; fileEncoding = 4; lastKnownFileType = sourcecode.c.h; path = _RNRoom.h; sourceTree = "<group>"; };
		741F01BE184290B400FF9FE8 /* _RNRoom.m */ = {isa = PBXFileReference; fileEncoding = 4; lastKnownFileType = sourcecode.c.objc; path = _RNRoom.m; sourceTree = "<group>"; };
		741F01BF184290B400FF9FE8 /* _RNSurface.h */ = {isa = PBXFileReference; fileEncoding = 4; lastKnownFileType = sourcecode.c.h; path = _RNSurface.h; sourceTree = "<group>"; };
		741F01C0184290B400FF9FE8 /* _RNSurface.m */ = {isa = PBXFileReference; fileEncoding = 4; lastKnownFileType = sourcecode.c.objc; path = _RNSurface.m; sourceTree = "<group>"; };
		741F01C1184290B400FF9FE8 /* _RNWall.h */ = {isa = PBXFileReference; fileEncoding = 4; lastKnownFileType = sourcecode.c.h; path = _RNWall.h; sourceTree = "<group>"; };
		741F01C2184290B400FF9FE8 /* _RNWall.m */ = {isa = PBXFileReference; fileEncoding = 4; lastKnownFileType = sourcecode.c.objc; path = _RNWall.m; sourceTree = "<group>"; };
		741F01C3184290B400FF9FE8 /* _RNWindow.h */ = {isa = PBXFileReference; fileEncoding = 4; lastKnownFileType = sourcecode.c.h; path = _RNWindow.h; sourceTree = "<group>"; };
		741F01C4184290B400FF9FE8 /* _RNWindow.m */ = {isa = PBXFileReference; fileEncoding = 4; lastKnownFileType = sourcecode.c.objc; path = _RNWindow.m; sourceTree = "<group>"; };
		741F01DD18433B6900FF9FE8 /* RNSiteEditViewController.h */ = {isa = PBXFileReference; fileEncoding = 4; lastKnownFileType = sourcecode.c.h; name = RNSiteEditViewController.h; path = RayNov/RNSiteEditViewController.h; sourceTree = SOURCE_ROOT; };
		741F01DE18433B6900FF9FE8 /* RNSiteEditViewController.m */ = {isa = PBXFileReference; fileEncoding = 4; lastKnownFileType = sourcecode.c.objc; name = RNSiteEditViewController.m; path = RayNov/RNSiteEditViewController.m; sourceTree = SOURCE_ROOT; };
		741F01ED1844DAA500FF9FE8 /* common.h */ = {isa = PBXFileReference; fileEncoding = 4; lastKnownFileType = sourcecode.c.h; path = common.h; sourceTree = "<group>"; };
		741F01F41844E9F200FF9FE8 /* RNStore.h */ = {isa = PBXFileReference; fileEncoding = 4; lastKnownFileType = sourcecode.c.h; path = RNStore.h; sourceTree = "<group>"; };
		741F01F51844E9F200FF9FE8 /* RNStore.m */ = {isa = PBXFileReference; fileEncoding = 4; lastKnownFileType = sourcecode.c.objc; path = RNStore.m; sourceTree = "<group>"; };
		7447A3AC1850CFC400417705 /* RNSplitViewController.h */ = {isa = PBXFileReference; fileEncoding = 4; lastKnownFileType = sourcecode.c.h; path = RNSplitViewController.h; sourceTree = "<group>"; };
		7447A3AD1850CFC400417705 /* RNSplitViewController.m */ = {isa = PBXFileReference; fileEncoding = 4; lastKnownFileType = sourcecode.c.objc; path = RNSplitViewController.m; sourceTree = "<group>"; };
		7447A3B7185194F200417705 /* RNSplitContentView.h */ = {isa = PBXFileReference; fileEncoding = 4; lastKnownFileType = sourcecode.c.h; path = RNSplitContentView.h; sourceTree = "<group>"; };
		7447A3B8185194F200417705 /* RNSplitContentView.m */ = {isa = PBXFileReference; fileEncoding = 4; lastKnownFileType = sourcecode.c.objc; path = RNSplitContentView.m; sourceTree = "<group>"; };
		744ABAB8183FDF32009A6366 /* RayNov.app */ = {isa = PBXFileReference; explicitFileType = wrapper.application; includeInIndex = 0; path = RayNov.app; sourceTree = BUILT_PRODUCTS_DIR; };
		744ABABB183FDF32009A6366 /* Foundation.framework */ = {isa = PBXFileReference; lastKnownFileType = wrapper.framework; name = Foundation.framework; path = System/Library/Frameworks/Foundation.framework; sourceTree = SDKROOT; };
		744ABABD183FDF32009A6366 /* CoreGraphics.framework */ = {isa = PBXFileReference; lastKnownFileType = wrapper.framework; name = CoreGraphics.framework; path = System/Library/Frameworks/CoreGraphics.framework; sourceTree = SDKROOT; };
		744ABABF183FDF32009A6366 /* UIKit.framework */ = {isa = PBXFileReference; lastKnownFileType = wrapper.framework; name = UIKit.framework; path = System/Library/Frameworks/UIKit.framework; sourceTree = SDKROOT; };
		744ABAC3183FDF32009A6366 /* RayNov-Info.plist */ = {isa = PBXFileReference; lastKnownFileType = text.plist.xml; path = "RayNov-Info.plist"; sourceTree = "<group>"; };
		744ABAC5183FDF32009A6366 /* en */ = {isa = PBXFileReference; lastKnownFileType = text.plist.strings; name = en; path = en.lproj/InfoPlist.strings; sourceTree = "<group>"; };
		744ABAC7183FDF32009A6366 /* main.m */ = {isa = PBXFileReference; lastKnownFileType = sourcecode.c.objc; path = main.m; sourceTree = "<group>"; };
		744ABAC9183FDF32009A6366 /* RayNov-Prefix.pch */ = {isa = PBXFileReference; lastKnownFileType = sourcecode.c.h; path = "RayNov-Prefix.pch"; sourceTree = "<group>"; };
		744ABACA183FDF32009A6366 /* RNAppDelegate.h */ = {isa = PBXFileReference; lastKnownFileType = sourcecode.c.h; path = RNAppDelegate.h; sourceTree = "<group>"; };
		744ABACB183FDF32009A6366 /* RNAppDelegate.m */ = {isa = PBXFileReference; lastKnownFileType = sourcecode.c.objc; path = RNAppDelegate.m; sourceTree = "<group>"; };
		744ABACE183FDF32009A6366 /* Base */ = {isa = PBXFileReference; lastKnownFileType = file.storyboard; name = Base; path = Base.lproj/Main.storyboard; sourceTree = "<group>"; };
		744ABAD0183FDF32009A6366 /* RNProjectsViewController.h */ = {isa = PBXFileReference; lastKnownFileType = sourcecode.c.h; path = RNProjectsViewController.h; sourceTree = "<group>"; };
		744ABAD1183FDF32009A6366 /* RNProjectsViewController.m */ = {isa = PBXFileReference; lastKnownFileType = sourcecode.c.objc; path = RNProjectsViewController.m; sourceTree = "<group>"; };
		744ABAD3183FDF32009A6366 /* Images.xcassets */ = {isa = PBXFileReference; lastKnownFileType = folder.assetcatalog; path = Images.xcassets; sourceTree = "<group>"; };
		744ABAD9183FDF32009A6366 /* RayNovTests.xctest */ = {isa = PBXFileReference; explicitFileType = wrapper.cfbundle; includeInIndex = 0; path = RayNovTests.xctest; sourceTree = BUILT_PRODUCTS_DIR; };
		744ABADA183FDF32009A6366 /* XCTest.framework */ = {isa = PBXFileReference; lastKnownFileType = wrapper.framework; name = XCTest.framework; path = Library/Frameworks/XCTest.framework; sourceTree = DEVELOPER_DIR; };
		744ABAE2183FDF32009A6366 /* RayNovTests-Info.plist */ = {isa = PBXFileReference; lastKnownFileType = text.plist.xml; path = "RayNovTests-Info.plist"; sourceTree = "<group>"; };
		744ABAE4183FDF32009A6366 /* en */ = {isa = PBXFileReference; lastKnownFileType = text.plist.strings; name = en; path = en.lproj/InfoPlist.strings; sourceTree = "<group>"; };
		744ABAE6183FDF32009A6366 /* RayNovTests.m */ = {isa = PBXFileReference; lastKnownFileType = sourcecode.c.objc; path = RayNovTests.m; sourceTree = "<group>"; };
		744ABB09183FE264009A6366 /* ProjectModel.xcdatamodel */ = {isa = PBXFileReference; lastKnownFileType = wrapper.xcdatamodel; path = ProjectModel.xcdatamodel; sourceTree = "<group>"; };
		7482D4554673424F87CE7DF8 /* Pods.xcconfig */ = {isa = PBXFileReference; includeInIndex = 1; lastKnownFileType = text.xcconfig; name = Pods.xcconfig; path = Pods/Pods.xcconfig; sourceTree = "<group>"; };
		74A8D0BD184A89E90025D701 /* RNStore+RNSite.h */ = {isa = PBXFileReference; fileEncoding = 4; lastKnownFileType = sourcecode.c.h; path = "RNStore+RNSite.h"; sourceTree = "<group>"; };
		74A8D0BE184A89E90025D701 /* RNStore+RNSite.m */ = {isa = PBXFileReference; fileEncoding = 4; lastKnownFileType = sourcecode.c.objc; path = "RNStore+RNSite.m"; sourceTree = "<group>"; };
		74A8D0C0184A8B010025D701 /* RNStore+RNClient.h */ = {isa = PBXFileReference; fileEncoding = 4; lastKnownFileType = sourcecode.c.h; path = "RNStore+RNClient.h"; sourceTree = "<group>"; };
		74A8D0C1184A8B010025D701 /* RNStore+RNClient.m */ = {isa = PBXFileReference; fileEncoding = 4; lastKnownFileType = sourcecode.c.objc; path = "RNStore+RNClient.m"; sourceTree = "<group>"; };
		74A8D0CF184CDE560025D701 /* RNClientDetailsViewController.h */ = {isa = PBXFileReference; fileEncoding = 4; lastKnownFileType = sourcecode.c.h; path = RNClientDetailsViewController.h; sourceTree = "<group>"; };
		74A8D0D0184CDE560025D701 /* RNClientDetailsViewController.m */ = {isa = PBXFileReference; fileEncoding = 4; lastKnownFileType = sourcecode.c.objc; path = RNClientDetailsViewController.m; sourceTree = "<group>"; };
		74AB23A81858AB7100977C0F /* RNSiteSplitViewController.h */ = {isa = PBXFileReference; fileEncoding = 4; lastKnownFileType = sourcecode.c.h; path = RNSiteSplitViewController.h; sourceTree = "<group>"; };
		74AB23A91858AB7100977C0F /* RNSiteSplitViewController.m */ = {isa = PBXFileReference; fileEncoding = 4; lastKnownFileType = sourcecode.c.objc; path = RNSiteSplitViewController.m; sourceTree = "<group>"; };
		74AB23AB1858ABC200977C0F /* RNSiteTableViewController.h */ = {isa = PBXFileReference; fileEncoding = 4; lastKnownFileType = sourcecode.c.h; path = RNSiteTableViewController.h; sourceTree = "<group>"; };
		74AB23AC1858ABC200977C0F /* RNSiteTableViewController.m */ = {isa = PBXFileReference; fileEncoding = 4; lastKnownFileType = sourcecode.c.objc; path = RNSiteTableViewController.m; sourceTree = "<group>"; };
		74AB23AE1858AD1300977C0F /* RNSiteTableViewCell.h */ = {isa = PBXFileReference; fileEncoding = 4; lastKnownFileType = sourcecode.c.h; path = RNSiteTableViewCell.h; sourceTree = "<group>"; };
		74AB23AF1858AD1300977C0F /* RNSiteTableViewCell.m */ = {isa = PBXFileReference; fileEncoding = 4; lastKnownFileType = sourcecode.c.objc; path = RNSiteTableViewCell.m; sourceTree = "<group>"; };
		74AB23B11858BCF900977C0F /* RNSiteDetailsViewController.h */ = {isa = PBXFileReference; fileEncoding = 4; lastKnownFileType = sourcecode.c.h; path = RNSiteDetailsViewController.h; sourceTree = "<group>"; };
		74AB23B21858BCF900977C0F /* RNSiteDetailsViewController.m */ = {isa = PBXFileReference; fileEncoding = 4; lastKnownFileType = sourcecode.c.objc; path = RNSiteDetailsViewController.m; sourceTree = "<group>"; };
		74AB23BA1859E94E00977C0F /* RNSite.h */ = {isa = PBXFileReference; fileEncoding = 4; lastKnownFileType = sourcecode.c.h; path = RNSite.h; sourceTree = "<group>"; };
		74AB23BB1859E94E00977C0F /* RNSite.m */ = {isa = PBXFileReference; fileEncoding = 4; lastKnownFileType = sourcecode.c.objc; path = RNSite.m; sourceTree = "<group>"; };
		74AB23BD1859E95C00977C0F /* _RNSite.h */ = {isa = PBXFileReference; fileEncoding = 4; lastKnownFileType = sourcecode.c.h; path = _RNSite.h; sourceTree = "<group>"; };
		74AB23BE1859E95C00977C0F /* _RNSite.m */ = {isa = PBXFileReference; fileEncoding = 4; lastKnownFileType = sourcecode.c.objc; path = _RNSite.m; sourceTree = "<group>"; };
		74C773831846880B00074061 /* RNCollectionViewProjectCell.h */ = {isa = PBXFileReference; fileEncoding = 4; lastKnownFileType = sourcecode.c.h; path = RNCollectionViewProjectCell.h; sourceTree = "<group>"; };
		74C773841846880B00074061 /* RNCollectionViewProjectCell.m */ = {isa = PBXFileReference; fileEncoding = 4; lastKnownFileType = sourcecode.c.objc; path = RNCollectionViewProjectCell.m; sourceTree = "<group>"; };
		74D3E1971847D4720055BEEA /* reveal-icon.png */ = {isa = PBXFileReference; lastKnownFileType = image.png; name = "reveal-icon.png"; path = "Resources/reveal-icon.png"; sourceTree = "<group>"; };
		74D3E1981847D4720055BEEA /* reveal-icon@2x.png */ = {isa = PBXFileReference; lastKnownFileType = image.png; name = "reveal-icon@2x.png"; path = "Resources/reveal-icon@2x.png"; sourceTree = "<group>"; };
		74D3E19B1847DDA50055BEEA /* RNProjectsLayout.h */ = {isa = PBXFileReference; fileEncoding = 4; lastKnownFileType = sourcecode.c.h; path = RNProjectsLayout.h; sourceTree = "<group>"; };
		74D3E19C1847DDA50055BEEA /* RNProjectsLayout.m */ = {isa = PBXFileReference; fileEncoding = 4; lastKnownFileType = sourcecode.c.objc; path = RNProjectsLayout.m; sourceTree = "<group>"; };
		74D5AD8418469862004AADBF /* RNEditProjectViewController.h */ = {isa = PBXFileReference; fileEncoding = 4; lastKnownFileType = sourcecode.c.h; path = RNEditProjectViewController.h; sourceTree = "<group>"; };
		74D5AD8518469862004AADBF /* RNEditProjectViewController.m */ = {isa = PBXFileReference; fileEncoding = 4; lastKnownFileType = sourcecode.c.objc; path = RNEditProjectViewController.m; sourceTree = "<group>"; };
		74E2C57E184E029F00AF0668 /* NSString+RNString.h */ = {isa = PBXFileReference; fileEncoding = 4; lastKnownFileType = sourcecode.c.h; path = "NSString+RNString.h"; sourceTree = "<group>"; };
		74E2C57F184E029F00AF0668 /* NSString+RNString.m */ = {isa = PBXFileReference; fileEncoding = 4; lastKnownFileType = sourcecode.c.objc; path = "NSString+RNString.m"; sourceTree = "<group>"; };
		74E2C584184E4EAB00AF0668 /* RNClientTableViewCell.h */ = {isa = PBXFileReference; fileEncoding = 4; lastKnownFileType = sourcecode.c.h; path = RNClientTableViewCell.h; sourceTree = "<group>"; };
		74E2C585184E4EAB00AF0668 /* RNClientTableViewCell.m */ = {isa = PBXFileReference; fileEncoding = 4; lastKnownFileType = sourcecode.c.objc; path = RNClientTableViewCell.m; sourceTree = "<group>"; };
		74E2C587184E767C00AF0668 /* RNClientsSplitViewController.h */ = {isa = PBXFileReference; fileEncoding = 4; lastKnownFileType = sourcecode.c.h; path = RNClientsSplitViewController.h; sourceTree = "<group>"; };
		74E2C588184E767C00AF0668 /* RNClientsSplitViewController.m */ = {isa = PBXFileReference; fileEncoding = 4; lastKnownFileType = sourcecode.c.objc; path = RNClientsSplitViewController.m; sourceTree = "<group>"; };
/* End PBXFileReference section */

/* Begin PBXFrameworksBuildPhase section */
		744ABAB5183FDF32009A6366 /* Frameworks */ = {
			isa = PBXFrameworksBuildPhase;
			buildActionMask = 2147483647;
			files = (
				741F019D183FF9AF00FF9FE8 /* CoreData.framework in Frameworks */,
				744ABABE183FDF32009A6366 /* CoreGraphics.framework in Frameworks */,
				744ABAC0183FDF32009A6366 /* UIKit.framework in Frameworks */,
				744ABABC183FDF32009A6366 /* Foundation.framework in Frameworks */,
				A65A653FD14B4AFB91B937EA /* libPods.a in Frameworks */,
			);
			runOnlyForDeploymentPostprocessing = 0;
		};
		744ABAD6183FDF32009A6366 /* Frameworks */ = {
			isa = PBXFrameworksBuildPhase;
			buildActionMask = 2147483647;
			files = (
				744ABADB183FDF32009A6366 /* XCTest.framework in Frameworks */,
				744ABADD183FDF32009A6366 /* UIKit.framework in Frameworks */,
				744ABADC183FDF32009A6366 /* Foundation.framework in Frameworks */,
			);
			runOnlyForDeploymentPostprocessing = 0;
		};
/* End PBXFrameworksBuildPhase section */

/* Begin PBXGroup section */
		741360621848CE1800B7207A /* Generic */ = {
			isa = PBXGroup;
			children = (
				7414A6BD1853AD5E009ABD62 /* TableViewController */,
				7447A3B01850CFE100417705 /* SplitViewController */,
				7447A3AF1850CFC900417705 /* GridViewController */,
			);
			name = Generic;
			sourceTree = "<group>";
		};
		741360BB184924B700B7207A /* Menu */ = {
			isa = PBXGroup;
			children = (
				741360BC184924E200B7207A /* RNMenuViewController.h */,
				741360BD184924E200B7207A /* RNMenuViewController.m */,
			);
			name = Menu;
			sourceTree = "<group>";
		};
		741360D11849D0E300B7207A /* Client */ = {
			isa = PBXGroup;
			children = (
				74E2C587184E767C00AF0668 /* RNClientsSplitViewController.h */,
				74E2C588184E767C00AF0668 /* RNClientsSplitViewController.m */,
				741360D21849D10800B7207A /* RNClientTableViewController.h */,
				741360D31849D10800B7207A /* RNClientTableViewController.m */,
				74E2C584184E4EAB00AF0668 /* RNClientTableViewCell.h */,
				74E2C585184E4EAB00AF0668 /* RNClientTableViewCell.m */,
				74A8D0CF184CDE560025D701 /* RNClientDetailsViewController.h */,
				74A8D0D0184CDE560025D701 /* RNClientDetailsViewController.m */,
				740C98FD185275A800235B11 /* RNClientEditViewController.h */,
				740C98FE185275A800235B11 /* RNClientEditViewController.m */,
			);
			name = Client;
			sourceTree = "<group>";
		};
		7414A6BD1853AD5E009ABD62 /* TableViewController */ = {
			isa = PBXGroup;
			children = (
				7414A6BE1853AD80009ABD62 /* RNTableViewController.h */,
				7414A6BF1853AD80009ABD62 /* RNTableViewController.m */,
			);
			name = TableViewController;
			sourceTree = "<group>";
		};
		741F019E184290B400FF9FE8 /* Model */ = {
			isa = PBXGroup;
			children = (
				744ABB08183FE264009A6366 /* ProjectModel.xcdatamodeld */,
				741F019F184290B400FF9FE8 /* Human */,
				741F01B2184290B400FF9FE8 /* Machine */,
			);
			path = Model;
			sourceTree = "<group>";
		};
		741F019F184290B400FF9FE8 /* Human */ = {
			isa = PBXGroup;
			children = (
				74AB23BA1859E94E00977C0F /* RNSite.h */,
				74AB23BB1859E94E00977C0F /* RNSite.m */,
				741360CB1849D0BA00B7207A /* RNAddress.h */,
				741360CC1849D0BA00B7207A /* RNAddress.m */,
				741360C81849C0E800B7207A /* RNClient.h */,
				741360C91849C0E800B7207A /* RNClient.m */,
				741F01A0184290B400FF9FE8 /* RNCeiling.h */,
				741F01A1184290B400FF9FE8 /* RNCeiling.m */,
				741F01A2184290B400FF9FE8 /* RNDoor.h */,
				741F01A3184290B400FF9FE8 /* RNDoor.m */,
				741F01A4184290B400FF9FE8 /* RNGround.h */,
				741F01A5184290B400FF9FE8 /* RNGround.m */,
				741F01A8184290B400FF9FE8 /* RNRadiator.h */,
				741F01A9184290B400FF9FE8 /* RNRadiator.m */,
				741F01AA184290B400FF9FE8 /* RNRoom.h */,
				741F01AB184290B400FF9FE8 /* RNRoom.m */,
				741F01AC184290B400FF9FE8 /* RNSurface.h */,
				741F01AD184290B400FF9FE8 /* RNSurface.m */,
				741F01AE184290B400FF9FE8 /* RNWall.h */,
				741F01AF184290B400FF9FE8 /* RNWall.m */,
				741F01B0184290B400FF9FE8 /* RNWindow.h */,
				741F01B1184290B400FF9FE8 /* RNWindow.m */,
			);
			path = Human;
			sourceTree = "<group>";
		};
		741F01B2184290B400FF9FE8 /* Machine */ = {
			isa = PBXGroup;
			children = (
				74AB23BD1859E95C00977C0F /* _RNSite.h */,
				74AB23BE1859E95C00977C0F /* _RNSite.m */,
				741360CE1849D0C600B7207A /* _RNAddress.h */,
				741360CF1849D0C600B7207A /* _RNAddress.m */,
				741360C51849C0C000B7207A /* _RNClient.h */,
				741360C61849C0C000B7207A /* _RNClient.m */,
				741F01B3184290B400FF9FE8 /* _RNCeiling.h */,
				741F01B4184290B400FF9FE8 /* _RNCeiling.m */,
				741F01B5184290B400FF9FE8 /* _RNDoor.h */,
				741F01B6184290B400FF9FE8 /* _RNDoor.m */,
				741F01B7184290B400FF9FE8 /* _RNGround.h */,
				741F01B8184290B400FF9FE8 /* _RNGround.m */,
				741F01BB184290B400FF9FE8 /* _RNRadiator.h */,
				741F01BC184290B400FF9FE8 /* _RNRadiator.m */,
				741F01BD184290B400FF9FE8 /* _RNRoom.h */,
				741F01BE184290B400FF9FE8 /* _RNRoom.m */,
				741F01BF184290B400FF9FE8 /* _RNSurface.h */,
				741F01C0184290B400FF9FE8 /* _RNSurface.m */,
				741F01C1184290B400FF9FE8 /* _RNWall.h */,
				741F01C2184290B400FF9FE8 /* _RNWall.m */,
				741F01C3184290B400FF9FE8 /* _RNWindow.h */,
				741F01C4184290B400FF9FE8 /* _RNWindow.m */,
			);
			path = Machine;
			sourceTree = "<group>";
		};
		741F01EC1844DA8700FF9FE8 /* Common */ = {
			isa = PBXGroup;
			children = (
				741F01ED1844DAA500FF9FE8 /* common.h */,
			);
			name = Common;
			sourceTree = "<group>";
		};
		741F01F71844E9FC00FF9FE8 /* Store */ = {
			isa = PBXGroup;
			children = (
				741F01F41844E9F200FF9FE8 /* RNStore.h */,
				741F01F51844E9F200FF9FE8 /* RNStore.m */,
				74A8D0BD184A89E90025D701 /* RNStore+RNSite.h */,
				74A8D0BE184A89E90025D701 /* RNStore+RNSite.m */,
				74A8D0C0184A8B010025D701 /* RNStore+RNClient.h */,
				74A8D0C1184A8B010025D701 /* RNStore+RNClient.m */,
			);
			name = Store;
			sourceTree = "<group>";
		};
		7447A3AF1850CFC900417705 /* GridViewController */ = {
			isa = PBXGroup;
			children = (
				741360631848CE4400B7207A /* RNGridViewController.h */,
				741360641848CE4400B7207A /* RNGridViewController.m */,
				741360661848CE6400B7207A /* RNGridItemCell.h */,
				741360671848CE6400B7207A /* RNGridItemCell.m */,
				741360691848CEF500B7207A /* RNGridLayout.h */,
				7413606A1848CEF500B7207A /* RNGridLayout.m */,
				7413606C1848D84600B7207A /* RNGridLayoutAttributes.h */,
				7413606D1848D84600B7207A /* RNGridLayoutAttributes.m */,
			);
			name = GridViewController;
			sourceTree = "<group>";
		};
		7447A3B01850CFE100417705 /* SplitViewController */ = {
			isa = PBXGroup;
			children = (
				7447A3AC1850CFC400417705 /* RNSplitViewController.h */,
				7447A3AD1850CFC400417705 /* RNSplitViewController.m */,
				7447A3B7185194F200417705 /* RNSplitContentView.h */,
				7447A3B8185194F200417705 /* RNSplitContentView.m */,
			);
			name = SplitViewController;
			sourceTree = "<group>";
		};
		744ABAAF183FDF32009A6366 = {
			isa = PBXGroup;
			children = (
				744ABAC1183FDF32009A6366 /* RayNov */,
				744ABAE0183FDF32009A6366 /* RayNovTests */,
				744ABABA183FDF32009A6366 /* Frameworks */,
				744ABAB9183FDF32009A6366 /* Products */,
				7482D4554673424F87CE7DF8 /* Pods.xcconfig */,
			);
			sourceTree = "<group>";
		};
		744ABAB9183FDF32009A6366 /* Products */ = {
			isa = PBXGroup;
			children = (
				744ABAB8183FDF32009A6366 /* RayNov.app */,
				744ABAD9183FDF32009A6366 /* RayNovTests.xctest */,
			);
			name = Products;
			sourceTree = "<group>";
		};
		744ABABA183FDF32009A6366 /* Frameworks */ = {
			isa = PBXGroup;
			children = (
				741F019C183FF9AF00FF9FE8 /* CoreData.framework */,
				744ABABB183FDF32009A6366 /* Foundation.framework */,
				744ABABD183FDF32009A6366 /* CoreGraphics.framework */,
				744ABABF183FDF32009A6366 /* UIKit.framework */,
				744ABADA183FDF32009A6366 /* XCTest.framework */,
				3EC75C741B5C46E6AC3EFC5A /* libPods.a */,
			);
			name = Frameworks;
			sourceTree = "<group>";
		};
		744ABAC1183FDF32009A6366 /* RayNov */ = {
			isa = PBXGroup;
			children = (
				744ABACA183FDF32009A6366 /* RNAppDelegate.h */,
				744ABACB183FDF32009A6366 /* RNAppDelegate.m */,
				74C77380184682AF00074061 /* GUI */,
				74E2C57C184E023200AF0668 /* Extensions */,
				74D3E1961847D3FF0055BEEA /* Resources */,
				741F01F71844E9FC00FF9FE8 /* Store */,
				741F019E184290B400FF9FE8 /* Model */,
				741F01EC1844DA8700FF9FE8 /* Common */,
				744ABAD3183FDF32009A6366 /* Images.xcassets */,
				744ABAC2183FDF32009A6366 /* Supporting Files */,
			);
			path = RayNov;
			sourceTree = "<group>";
		};
		744ABAC2183FDF32009A6366 /* Supporting Files */ = {
			isa = PBXGroup;
			children = (
				744ABAC3183FDF32009A6366 /* RayNov-Info.plist */,
				744ABAC4183FDF32009A6366 /* InfoPlist.strings */,
				744ABAC7183FDF32009A6366 /* main.m */,
				744ABAC9183FDF32009A6366 /* RayNov-Prefix.pch */,
			);
			name = "Supporting Files";
			sourceTree = "<group>";
		};
		744ABAE0183FDF32009A6366 /* RayNovTests */ = {
			isa = PBXGroup;
			children = (
				744ABAE6183FDF32009A6366 /* RayNovTests.m */,
				744ABAE1183FDF32009A6366 /* Supporting Files */,
			);
			path = RayNovTests;
			sourceTree = "<group>";
		};
		744ABAE1183FDF32009A6366 /* Supporting Files */ = {
			isa = PBXGroup;
			children = (
				744ABAE2183FDF32009A6366 /* RayNovTests-Info.plist */,
				744ABAE3183FDF32009A6366 /* InfoPlist.strings */,
			);
			name = "Supporting Files";
			sourceTree = "<group>";
		};
		74790B6A18576D57004C40E9 /* Site */ = {
			isa = PBXGroup;
			children = (
				74AB23A81858AB7100977C0F /* RNSiteSplitViewController.h */,
				74AB23A91858AB7100977C0F /* RNSiteSplitViewController.m */,
				74AB23AB1858ABC200977C0F /* RNSiteTableViewController.h */,
				74AB23AC1858ABC200977C0F /* RNSiteTableViewController.m */,
				74AB23AE1858AD1300977C0F /* RNSiteTableViewCell.h */,
				74AB23AF1858AD1300977C0F /* RNSiteTableViewCell.m */,
				74AB23B11858BCF900977C0F /* RNSiteDetailsViewController.h */,
				74AB23B21858BCF900977C0F /* RNSiteDetailsViewController.m */,
				741F01DD18433B6900FF9FE8 /* RNSiteEditViewController.h */,
				741F01DE18433B6900FF9FE8 /* RNSiteEditViewController.m */,
			);
			name = Site;
			sourceTree = "<group>";
		};
		74C77380184682AF00074061 /* GUI */ = {
			isa = PBXGroup;
			children = (
				744ABACD183FDF32009A6366 /* Main.storyboard */,
				741360621848CE1800B7207A /* Generic */,
				74C77381184682C200074061 /* Main */,
				741360BB184924B700B7207A /* Menu */,
				741360D11849D0E300B7207A /* Client */,
				74790B6A18576D57004C40E9 /* Site */,
				74D5AD83184694A4004AADBF /* EditProject */,
			);
			name = GUI;
			sourceTree = "<group>";
		};
		74C77381184682C200074061 /* Main */ = {
			isa = PBXGroup;
			children = (
				744ABAD0183FDF32009A6366 /* RNProjectsViewController.h */,
				744ABAD1183FDF32009A6366 /* RNProjectsViewController.m */,
				74C773831846880B00074061 /* RNCollectionViewProjectCell.h */,
				74C773841846880B00074061 /* RNCollectionViewProjectCell.m */,
				74D3E19B1847DDA50055BEEA /* RNProjectsLayout.h */,
				74D3E19C1847DDA50055BEEA /* RNProjectsLayout.m */,
			);
			name = Main;
			sourceTree = "<group>";
		};
		74D3E1961847D3FF0055BEEA /* Resources */ = {
			isa = PBXGroup;
			children = (
				741360B91848F89000B7207A /* Localizable.strings */,
				74D3E1971847D4720055BEEA /* reveal-icon.png */,
				74D3E1981847D4720055BEEA /* reveal-icon@2x.png */,
			);
			name = Resources;
			sourceTree = "<group>";
		};
		74D5AD83184694A4004AADBF /* EditProject */ = {
			isa = PBXGroup;
			children = (
				74D5AD8418469862004AADBF /* RNEditProjectViewController.h */,
				74D5AD8518469862004AADBF /* RNEditProjectViewController.m */,
				741360BF1849361500B7207A /* RNRoomItem.h */,
				741360C01849361500B7207A /* RNRoomItem.m */,
				741360C21849364900B7207A /* RNRoomsLayout.h */,
				741360C31849364900B7207A /* RNRoomsLayout.m */,
			);
			name = EditProject;
			sourceTree = "<group>";
		};
		74E2C57C184E023200AF0668 /* Extensions */ = {
			isa = PBXGroup;
			children = (
				74E2C57E184E029F00AF0668 /* NSString+RNString.h */,
				74E2C57F184E029F00AF0668 /* NSString+RNString.m */,
			);
			name = Extensions;
			sourceTree = "<group>";
		};
/* End PBXGroup section */

/* Begin PBXNativeTarget section */
		744ABAB7183FDF32009A6366 /* RayNov */ = {
			isa = PBXNativeTarget;
			buildConfigurationList = 744ABAEA183FDF32009A6366 /* Build configuration list for PBXNativeTarget "RayNov" */;
			buildPhases = (
				8FAE81F684C34DF8889A21B8 /* Check Pods Manifest.lock */,
				744ABAB4183FDF32009A6366 /* Sources */,
				744ABAB5183FDF32009A6366 /* Frameworks */,
				744ABAB6183FDF32009A6366 /* Resources */,
				6C9EC7415FB54FF1A10EAB4F /* Copy Pods Resources */,
			);
			buildRules = (
			);
			dependencies = (
				744ABB10183FE7C8009A6366 /* PBXTargetDependency */,
			);
			name = RayNov;
			productName = RayNov;
			productReference = 744ABAB8183FDF32009A6366 /* RayNov.app */;
			productType = "com.apple.product-type.application";
		};
		744ABAD8183FDF32009A6366 /* RayNovTests */ = {
			isa = PBXNativeTarget;
			buildConfigurationList = 744ABAED183FDF32009A6366 /* Build configuration list for PBXNativeTarget "RayNovTests" */;
			buildPhases = (
				744ABAD5183FDF32009A6366 /* Sources */,
				744ABAD6183FDF32009A6366 /* Frameworks */,
				744ABAD7183FDF32009A6366 /* Resources */,
			);
			buildRules = (
			);
			dependencies = (
				744ABADF183FDF32009A6366 /* PBXTargetDependency */,
			);
			name = RayNovTests;
			productName = RayNovTests;
			productReference = 744ABAD9183FDF32009A6366 /* RayNovTests.xctest */;
			productType = "com.apple.product-type.bundle.unit-test";
		};
/* End PBXNativeTarget section */

/* Begin PBXProject section */
		744ABAB0183FDF32009A6366 /* Project object */ = {
			isa = PBXProject;
			attributes = {
				CLASSPREFIX = RN;
				LastUpgradeCheck = 0500;
				ORGANIZATIONNAME = "Mathieu Cordebard";
				TargetAttributes = {
					744ABAD8183FDF32009A6366 = {
						TestTargetID = 744ABAB7183FDF32009A6366;
					};
				};
			};
			buildConfigurationList = 744ABAB3183FDF32009A6366 /* Build configuration list for PBXProject "RayNov" */;
			compatibilityVersion = "Xcode 3.2";
			developmentRegion = English;
			hasScannedForEncodings = 0;
			knownRegions = (
				en,
				Base,
			);
			mainGroup = 744ABAAF183FDF32009A6366;
			productRefGroup = 744ABAB9183FDF32009A6366 /* Products */;
			projectDirPath = "";
			projectRoot = "";
			targets = (
				744ABAB7183FDF32009A6366 /* RayNov */,
				744ABB0B183FE7AE009A6366 /* Mogenerator */,
				744ABAD8183FDF32009A6366 /* RayNovTests */,
			);
		};
/* End PBXProject section */

/* Begin PBXResourcesBuildPhase section */
		744ABAB6183FDF32009A6366 /* Resources */ = {
			isa = PBXResourcesBuildPhase;
			buildActionMask = 2147483647;
			files = (
				744ABAD4183FDF32009A6366 /* Images.xcassets in Resources */,
				741360BA1848F89000B7207A /* Localizable.strings in Resources */,
				74D3E19A1847D4720055BEEA /* reveal-icon@2x.png in Resources */,
				744ABAC6183FDF32009A6366 /* InfoPlist.strings in Resources */,
				744ABACF183FDF32009A6366 /* Main.storyboard in Resources */,
				74D3E1991847D4720055BEEA /* reveal-icon.png in Resources */,
			);
			runOnlyForDeploymentPostprocessing = 0;
		};
		744ABAD7183FDF32009A6366 /* Resources */ = {
			isa = PBXResourcesBuildPhase;
			buildActionMask = 2147483647;
			files = (
				744ABAE5183FDF32009A6366 /* InfoPlist.strings in Resources */,
			);
			runOnlyForDeploymentPostprocessing = 0;
		};
/* End PBXResourcesBuildPhase section */

/* Begin PBXShellScriptBuildPhase section */
		6C9EC7415FB54FF1A10EAB4F /* Copy Pods Resources */ = {
			isa = PBXShellScriptBuildPhase;
			buildActionMask = 2147483647;
			files = (
			);
			inputPaths = (
			);
			name = "Copy Pods Resources";
			outputPaths = (
			);
			runOnlyForDeploymentPostprocessing = 0;
			shellPath = /bin/sh;
			shellScript = "\"${SRCROOT}/Pods/Pods-resources.sh\"\n";
			showEnvVarsInLog = 0;
		};
		744ABB11183FE7E0009A6366 /* ShellScript */ = {
			isa = PBXShellScriptBuildPhase;
			buildActionMask = 2147483647;
			files = (
			);
			inputPaths = (
			);
			outputPaths = (
			);
			runOnlyForDeploymentPostprocessing = 0;
			shellPath = /bin/sh;
			shellScript = "mogenerator -m RayNov/ProjectModel.xcdatamodeld/ProjectModel.xcdatamodel --machine-dir RayNov/Model/Machine --human-dir RayNov/Model/Human --template-var arc=true";
		};
		8FAE81F684C34DF8889A21B8 /* Check Pods Manifest.lock */ = {
			isa = PBXShellScriptBuildPhase;
			buildActionMask = 2147483647;
			files = (
			);
			inputPaths = (
			);
			name = "Check Pods Manifest.lock";
			outputPaths = (
			);
			runOnlyForDeploymentPostprocessing = 0;
			shellPath = /bin/sh;
			shellScript = "diff \"${PODS_ROOT}/../Podfile.lock\" \"${PODS_ROOT}/Manifest.lock\" > /dev/null\nif [[ $? != 0 ]] ; then\n    cat << EOM\nerror: The sandbox is not in sync with the Podfile.lock. Run 'pod install' or update your CocoaPods installation.\nEOM\n    exit 1\nfi\n";
			showEnvVarsInLog = 0;
		};
/* End PBXShellScriptBuildPhase section */

/* Begin PBXSourcesBuildPhase section */
		744ABAB4183FDF32009A6366 /* Sources */ = {
			isa = PBXSourcesBuildPhase;
			buildActionMask = 2147483647;
			files = (
				741F01CD184290B400FF9FE8 /* RNWindow.m in Sources */,
				741F01D5184290B400FF9FE8 /* _RNWall.m in Sources */,
				744ABB0A183FE264009A6366 /* ProjectModel.xcdatamodeld in Sources */,
				744ABACC183FDF32009A6366 /* RNAppDelegate.m in Sources */,
				74A8D0C2184A8B010025D701 /* RNStore+RNClient.m in Sources */,
				741F01C5184290B400FF9FE8 /* RNCeiling.m in Sources */,
				74A8D0BF184A89E90025D701 /* RNStore+RNSite.m in Sources */,
				741360D41849D10800B7207A /* RNClientTableViewController.m in Sources */,
				741360BE184924E200B7207A /* RNMenuViewController.m in Sources */,
				741F01D0184290B400FF9FE8 /* _RNGround.m in Sources */,
				744ABAC8183FDF32009A6366 /* main.m in Sources */,
				74E2C586184E4EAB00AF0668 /* RNClientTableViewCell.m in Sources */,
				7414A6C01853AD80009ABD62 /* RNTableViewController.m in Sources */,
				741360D01849D0C600B7207A /* _RNAddress.m in Sources */,
				7413606B1848CEF500B7207A /* RNGridLayout.m in Sources */,
				74AB23B31858BCF900977C0F /* RNSiteDetailsViewController.m in Sources */,
				74D3E19D1847DDA50055BEEA /* RNProjectsLayout.m in Sources */,
				7447A3AE1850CFC400417705 /* RNSplitViewController.m in Sources */,
				741F01CA184290B400FF9FE8 /* RNRoom.m in Sources */,
				741F01D4184290B400FF9FE8 /* _RNSurface.m in Sources */,
				741360CA1849C0E800B7207A /* RNClient.m in Sources */,
				741360C11849361500B7207A /* RNRoomItem.m in Sources */,
				74E2C580184E029F00AF0668 /* NSString+RNString.m in Sources */,
				74C773851846880B00074061 /* RNCollectionViewProjectCell.m in Sources */,
				741360C41849364900B7207A /* RNRoomsLayout.m in Sources */,
				7447A3B9185194F200417705 /* RNSplitContentView.m in Sources */,
				74D5AD8618469862004AADBF /* RNEditProjectViewController.m in Sources */,
				741F01D2184290B400FF9FE8 /* _RNRadiator.m in Sources */,
				741F01C9184290B400FF9FE8 /* RNRadiator.m in Sources */,
				740C98FF185275A800235B11 /* RNClientEditViewController.m in Sources */,
				741360C71849C0C000B7207A /* _RNClient.m in Sources */,
				741F01CB184290B400FF9FE8 /* RNSurface.m in Sources */,
				741F01D6184290B400FF9FE8 /* _RNWindow.m in Sources */,
				74A8D0D1184CDE560025D701 /* RNClientDetailsViewController.m in Sources */,
				744ABAD2183FDF32009A6366 /* RNProjectsViewController.m in Sources */,
				741F01F61844E9F200FF9FE8 /* RNStore.m in Sources */,
				741360681848CE6400B7207A /* RNGridItemCell.m in Sources */,
				741F01CF184290B400FF9FE8 /* _RNDoor.m in Sources */,
				741F01C6184290B400FF9FE8 /* RNDoor.m in Sources */,
				741F01CE184290B400FF9FE8 /* _RNCeiling.m in Sources */,
				74AB23BF1859E95C00977C0F /* _RNSite.m in Sources */,
				74AB23BC1859E94E00977C0F /* RNSite.m in Sources */,
				741F01DF18433B6900FF9FE8 /* RNSiteEditViewController.m in Sources */,
				741360651848CE4400B7207A /* RNGridViewController.m in Sources */,
				74AB23AD1858ABC200977C0F /* RNSiteTableViewController.m in Sources */,
				74AB23B01858AD1300977C0F /* RNSiteTableViewCell.m in Sources */,
				74E2C589184E767C00AF0668 /* RNClientsSplitViewController.m in Sources */,
				74AB23AA1858AB7100977C0F /* RNSiteSplitViewController.m in Sources */,
				741F01C7184290B400FF9FE8 /* RNGround.m in Sources */,
				741F01CC184290B400FF9FE8 /* RNWall.m in Sources */,
				7413606E1848D84600B7207A /* RNGridLayoutAttributes.m in Sources */,
				741F01D3184290B400FF9FE8 /* _RNRoom.m in Sources */,
				741360CD1849D0BA00B7207A /* RNAddress.m in Sources */,
			);
			runOnlyForDeploymentPostprocessing = 0;
		};
		744ABAD5183FDF32009A6366 /* Sources */ = {
			isa = PBXSourcesBuildPhase;
			buildActionMask = 2147483647;
			files = (
				744ABAE7183FDF32009A6366 /* RayNovTests.m in Sources */,
			);
			runOnlyForDeploymentPostprocessing = 0;
		};
/* End PBXSourcesBuildPhase section */

/* Begin PBXTargetDependency section */
		744ABADF183FDF32009A6366 /* PBXTargetDependency */ = {
			isa = PBXTargetDependency;
			target = 744ABAB7183FDF32009A6366 /* RayNov */;
			targetProxy = 744ABADE183FDF32009A6366 /* PBXContainerItemProxy */;
		};
		744ABB10183FE7C8009A6366 /* PBXTargetDependency */ = {
			isa = PBXTargetDependency;
			target = 744ABB0B183FE7AE009A6366 /* Mogenerator */;
			targetProxy = 744ABB0F183FE7C8009A6366 /* PBXContainerItemProxy */;
		};
/* End PBXTargetDependency section */

/* Begin PBXVariantGroup section */
		744ABAC4183FDF32009A6366 /* InfoPlist.strings */ = {
			isa = PBXVariantGroup;
			children = (
				744ABAC5183FDF32009A6366 /* en */,
			);
			name = InfoPlist.strings;
			sourceTree = "<group>";
		};
		744ABACD183FDF32009A6366 /* Main.storyboard */ = {
			isa = PBXVariantGroup;
			children = (
				744ABACE183FDF32009A6366 /* Base */,
			);
			name = Main.storyboard;
			sourceTree = "<group>";
		};
		744ABAE3183FDF32009A6366 /* InfoPlist.strings */ = {
			isa = PBXVariantGroup;
			children = (
				744ABAE4183FDF32009A6366 /* en */,
			);
			name = InfoPlist.strings;
			sourceTree = "<group>";
		};
/* End PBXVariantGroup section */

/* Begin XCBuildConfiguration section */
		744ABAE8183FDF32009A6366 /* Debug */ = {
			isa = XCBuildConfiguration;
			buildSettings = {
				ALWAYS_SEARCH_USER_PATHS = NO;
				ARCHS = "$(ARCHS_STANDARD_INCLUDING_64_BIT)";
				CLANG_CXX_LANGUAGE_STANDARD = "gnu++0x";
				CLANG_CXX_LIBRARY = "libc++";
				CLANG_ENABLE_MODULES = YES;
				CLANG_ENABLE_OBJC_ARC = YES;
				CLANG_WARN_BOOL_CONVERSION = YES;
				CLANG_WARN_CONSTANT_CONVERSION = YES;
				CLANG_WARN_DIRECT_OBJC_ISA_USAGE = YES_ERROR;
				CLANG_WARN_EMPTY_BODY = YES;
				CLANG_WARN_ENUM_CONVERSION = YES;
				CLANG_WARN_INT_CONVERSION = YES;
				CLANG_WARN_OBJC_ROOT_CLASS = YES_ERROR;
				CLANG_WARN__DUPLICATE_METHOD_MATCH = YES;
				"CODE_SIGN_IDENTITY[sdk=iphoneos*]" = "iPhone Developer";
				COPY_PHASE_STRIP = NO;
				GCC_C_LANGUAGE_STANDARD = gnu99;
				GCC_DYNAMIC_NO_PIC = NO;
				GCC_OPTIMIZATION_LEVEL = 0;
				GCC_PREPROCESSOR_DEFINITIONS = (
					"DEBUG=1",
					"$(inherited)",
				);
				GCC_SYMBOLS_PRIVATE_EXTERN = NO;
				GCC_WARN_64_TO_32_BIT_CONVERSION = YES;
				GCC_WARN_ABOUT_RETURN_TYPE = YES_ERROR;
				GCC_WARN_UNDECLARED_SELECTOR = YES;
				GCC_WARN_UNINITIALIZED_AUTOS = YES;
				GCC_WARN_UNUSED_FUNCTION = YES;
				GCC_WARN_UNUSED_VARIABLE = YES;
				IPHONEOS_DEPLOYMENT_TARGET = 7.0;
				ONLY_ACTIVE_ARCH = YES;
				SDKROOT = iphoneos;
				TARGETED_DEVICE_FAMILY = 2;
			};
			name = Debug;
		};
		744ABAE9183FDF32009A6366 /* Release */ = {
			isa = XCBuildConfiguration;
			buildSettings = {
				ALWAYS_SEARCH_USER_PATHS = NO;
				ARCHS = "$(ARCHS_STANDARD_INCLUDING_64_BIT)";
				CLANG_CXX_LANGUAGE_STANDARD = "gnu++0x";
				CLANG_CXX_LIBRARY = "libc++";
				CLANG_ENABLE_MODULES = YES;
				CLANG_ENABLE_OBJC_ARC = YES;
				CLANG_WARN_BOOL_CONVERSION = YES;
				CLANG_WARN_CONSTANT_CONVERSION = YES;
				CLANG_WARN_DIRECT_OBJC_ISA_USAGE = YES_ERROR;
				CLANG_WARN_EMPTY_BODY = YES;
				CLANG_WARN_ENUM_CONVERSION = YES;
				CLANG_WARN_INT_CONVERSION = YES;
				CLANG_WARN_OBJC_ROOT_CLASS = YES_ERROR;
				CLANG_WARN__DUPLICATE_METHOD_MATCH = YES;
				"CODE_SIGN_IDENTITY[sdk=iphoneos*]" = "iPhone Developer";
				COPY_PHASE_STRIP = YES;
				ENABLE_NS_ASSERTIONS = NO;
				GCC_C_LANGUAGE_STANDARD = gnu99;
				GCC_WARN_64_TO_32_BIT_CONVERSION = YES;
				GCC_WARN_ABOUT_RETURN_TYPE = YES_ERROR;
				GCC_WARN_UNDECLARED_SELECTOR = YES;
				GCC_WARN_UNINITIALIZED_AUTOS = YES;
				GCC_WARN_UNUSED_FUNCTION = YES;
				GCC_WARN_UNUSED_VARIABLE = YES;
				IPHONEOS_DEPLOYMENT_TARGET = 7.0;
				SDKROOT = iphoneos;
				TARGETED_DEVICE_FAMILY = 2;
				VALIDATE_PRODUCT = YES;
			};
			name = Release;
		};
		744ABAEB183FDF32009A6366 /* Debug */ = {
			isa = XCBuildConfiguration;
			baseConfigurationReference = 7482D4554673424F87CE7DF8 /* Pods.xcconfig */;
			buildSettings = {
				ASSETCATALOG_COMPILER_APPICON_NAME = AppIcon;
				ASSETCATALOG_COMPILER_LAUNCHIMAGE_NAME = LaunchImage;
				GCC_PRECOMPILE_PREFIX_HEADER = YES;
				GCC_PREFIX_HEADER = "RayNov/RayNov-Prefix.pch";
				INFOPLIST_FILE = "RayNov/RayNov-Info.plist";
				PRODUCT_NAME = "$(TARGET_NAME)";
				WRAPPER_EXTENSION = app;
			};
			name = Debug;
		};
		744ABAEC183FDF32009A6366 /* Release */ = {
			isa = XCBuildConfiguration;
			baseConfigurationReference = 7482D4554673424F87CE7DF8 /* Pods.xcconfig */;
			buildSettings = {
				ASSETCATALOG_COMPILER_APPICON_NAME = AppIcon;
				ASSETCATALOG_COMPILER_LAUNCHIMAGE_NAME = LaunchImage;
				GCC_PRECOMPILE_PREFIX_HEADER = YES;
				GCC_PREFIX_HEADER = "RayNov/RayNov-Prefix.pch";
				INFOPLIST_FILE = "RayNov/RayNov-Info.plist";
				PRODUCT_NAME = "$(TARGET_NAME)";
				WRAPPER_EXTENSION = app;
			};
			name = Release;
		};
		744ABAEE183FDF32009A6366 /* Debug */ = {
			isa = XCBuildConfiguration;
			buildSettings = {
				ARCHS = "$(ARCHS_STANDARD_INCLUDING_64_BIT)";
				BUNDLE_LOADER = "$(BUILT_PRODUCTS_DIR)/RayNov.app/RayNov";
				FRAMEWORK_SEARCH_PATHS = (
					"$(SDKROOT)/Developer/Library/Frameworks",
					"$(inherited)",
					"$(DEVELOPER_FRAMEWORKS_DIR)",
				);
				GCC_PRECOMPILE_PREFIX_HEADER = YES;
				GCC_PREFIX_HEADER = "RayNov/RayNov-Prefix.pch";
				GCC_PREPROCESSOR_DEFINITIONS = (
					"DEBUG=1",
					"$(inherited)",
				);
				INFOPLIST_FILE = "RayNovTests/RayNovTests-Info.plist";
				PRODUCT_NAME = "$(TARGET_NAME)";
				TEST_HOST = "$(BUNDLE_LOADER)";
				WRAPPER_EXTENSION = xctest;
			};
			name = Debug;
		};
		744ABAEF183FDF32009A6366 /* Release */ = {
			isa = XCBuildConfiguration;
			buildSettings = {
				ARCHS = "$(ARCHS_STANDARD_INCLUDING_64_BIT)";
				BUNDLE_LOADER = "$(BUILT_PRODUCTS_DIR)/RayNov.app/RayNov";
				FRAMEWORK_SEARCH_PATHS = (
					"$(SDKROOT)/Developer/Library/Frameworks",
					"$(inherited)",
					"$(DEVELOPER_FRAMEWORKS_DIR)",
				);
				GCC_PRECOMPILE_PREFIX_HEADER = YES;
				GCC_PREFIX_HEADER = "RayNov/RayNov-Prefix.pch";
				INFOPLIST_FILE = "RayNovTests/RayNovTests-Info.plist";
				PRODUCT_NAME = "$(TARGET_NAME)";
				TEST_HOST = "$(BUNDLE_LOADER)";
				WRAPPER_EXTENSION = xctest;
			};
			name = Release;
		};
		744ABB0D183FE7AE009A6366 /* Debug */ = {
			isa = XCBuildConfiguration;
			buildSettings = {
				PRODUCT_NAME = "$(TARGET_NAME)";
			};
			name = Debug;
		};
		744ABB0E183FE7AE009A6366 /* Release */ = {
			isa = XCBuildConfiguration;
			buildSettings = {
				PRODUCT_NAME = "$(TARGET_NAME)";
			};
			name = Release;
		};
/* End XCBuildConfiguration section */

/* Begin XCConfigurationList section */
		744ABAB3183FDF32009A6366 /* Build configuration list for PBXProject "RayNov" */ = {
			isa = XCConfigurationList;
			buildConfigurations = (
				744ABAE8183FDF32009A6366 /* Debug */,
				744ABAE9183FDF32009A6366 /* Release */,
			);
			defaultConfigurationIsVisible = 0;
			defaultConfigurationName = Release;
		};
		744ABAEA183FDF32009A6366 /* Build configuration list for PBXNativeTarget "RayNov" */ = {
			isa = XCConfigurationList;
			buildConfigurations = (
				744ABAEB183FDF32009A6366 /* Debug */,
				744ABAEC183FDF32009A6366 /* Release */,
			);
			defaultConfigurationIsVisible = 0;
			defaultConfigurationName = Release;
		};
		744ABAED183FDF32009A6366 /* Build configuration list for PBXNativeTarget "RayNovTests" */ = {
			isa = XCConfigurationList;
			buildConfigurations = (
				744ABAEE183FDF32009A6366 /* Debug */,
				744ABAEF183FDF32009A6366 /* Release */,
			);
			defaultConfigurationIsVisible = 0;
			defaultConfigurationName = Release;
		};
		744ABB0C183FE7AE009A6366 /* Build configuration list for PBXAggregateTarget "Mogenerator" */ = {
			isa = XCConfigurationList;
			buildConfigurations = (
				744ABB0D183FE7AE009A6366 /* Debug */,
				744ABB0E183FE7AE009A6366 /* Release */,
			);
			defaultConfigurationIsVisible = 0;
			defaultConfigurationName = Release;
		};
/* End XCConfigurationList section */

/* Begin XCVersionGroup section */
		744ABB08183FE264009A6366 /* ProjectModel.xcdatamodeld */ = {
			isa = XCVersionGroup;
			children = (
				744ABB09183FE264009A6366 /* ProjectModel.xcdatamodel */,
			);
			currentVersion = 744ABB09183FE264009A6366 /* ProjectModel.xcdatamodel */;
			name = ProjectModel.xcdatamodeld;
			path = ../ProjectModel.xcdatamodeld;
			sourceTree = "<group>";
			versionGroupType = wrapper.xcdatamodel;
		};
/* End XCVersionGroup section */
	};
	rootObject = 744ABAB0183FDF32009A6366 /* Project object */;
}
